{
  "version": 4,
  "terraform_version": "1.2.5",
  "serial": 214,
  "lineage": "c250f19c-7c43-8116-598b-43eb7394ce59",
  "outputs": {
    "application_url": {
      "value": "http://35.194.39.190",
      "type": "string"
    }
  },
  "resources": [
    {
      "mode": "data",
      "type": "google_compute_instance",
      "name": "fgt1",
      "provider": "provider[\"registry.terraform.io/hashicorp/google\"]",
      "instances": [
        {
          "schema_version": 0,
          "attributes": {
            "advanced_machine_features": null,
            "allow_stopping_for_update": null,
            "attached_disk": [
              {
                "device_name": "persistent-disk-1",
                "disk_encryption_key_raw": "",
                "disk_encryption_key_sha256": "",
                "kms_key_self_link": "",
                "mode": "READ_WRITE",
                "source": "https://www.googleapis.com/compute/v1/projects/forti-emea-se/zones/us-central1-a/disks/bm-mantis834748-disk-logdisk1-us-central1-a"
              }
            ],
            "boot_disk": [
              {
                "auto_delete": true,
                "device_name": "persistent-disk-0",
                "disk_encryption_key_raw": "",
                "disk_encryption_key_sha256": "",
                "initialize_params": [
                  {
                    "image": "https://www.googleapis.com/compute/v1/projects/fortigcp-project-001/global/images/fortinet-fgt-706-20220622-001-w-license",
                    "labels": {},
                    "size": 10,
                    "type": "pd-standard"
                  }
                ],
                "kms_key_self_link": "",
                "mode": "READ_WRITE",
                "source": "https://www.googleapis.com/compute/v1/projects/forti-emea-se/zones/us-central1-a/disks/bm-mantis834748-vm1-us-central1-a"
              }
            ],
            "can_ip_forward": true,
            "confidential_instance_config": null,
            "cpu_platform": "Intel Broadwell",
            "current_status": "RUNNING",
            "deletion_protection": false,
            "description": null,
            "desired_status": null,
            "enable_display": false,
            "guest_accelerator": [],
            "hostname": null,
            "id": "projects/forti-emea-se/zones/https://www.googleapis.com/compute/v1/projects/forti-emea-se/zones/us-central1-a/instances/bm-mantis834748-vm1-us-central1-a",
            "instance_id": "1797206279074278895",
            "label_fingerprint": "42WmSpB8rSM=",
            "labels": {},
            "machine_type": "e2-standard-4",
            "metadata": {
              "serial-port-enable": "true",
              "user-data": "config system global\n  set hostname bm-mantis834748-vm-us-central1-a\nend\nconfig system probe-response\n    set mode http-probe\n    set http-probe-value OK\n    set port 8008\nend\nconfig system api-user\n  edit terraform\n    set api-key 1htsrZRuITn6j29Y1t1l2tigb4DLm0\n    set accprofile \"prof_admin\"\n    config trusthost\n          edit 0\n        set ipv4-trusthost 35.189.204.201/32\n      next\n        end\n  next\nend\nconfig system sdn-connector\n    edit \"gcp\"\n        set type gcp\n        set ha-status enable\n    next\nend\nconfig system dns\n  set primary 169.254.169.254\n  set protocol cleartext\n  unset secondary\nend\nconfig system ha\n    set group-name \"gcp-group\"\n    set mode a-p\n    set hbdev \"port3\" 50\n    set session-pickup enable\n    set ha-mgmt-status enable\n    config ha-mgmt-interfaces\n        edit 1\n            set interface \"port4\"\n            set gateway 172.20.3.1\n        next\n    end\n    set override disable\n    set priority 1\n    set unicast-hb enable\n    set unicast-hb-peerip 172.20.2.3\n    set unicast-hb-netmask 255.255.255.0\nend\nconfig system interface\n  edit port1\n    set mode static\n    set ip 172.20.0.3/32\n  next\n  edit port2\n    set mode static\n    set allowaccess ping\n    set ip 172.20.1.4/32\n    set secondary-IP enable\n    config secondaryip\n      edit 0\n      set ip 172.20.1.3/32\n      set allowaccess probe-response\n      next\n    end\n  next\n  edit port3\n    set mode static\n    set allowaccess ping\n    set ip 172.20.2.2/32\n  next\n  edit port4\n    set mode static\n    set ip 172.20.3.3/32\n    set allowaccess ping https ssh fgfm\n  next\n  edit \"probe\"\n    set vdom \"root\"\n    set ip 169.254.255.100 255.255.255.255\n    set allowaccess probe-response\n    set type loopback\nnext\nend\nconfig router static\n  edit 0\n    set device port1\n    set gateway 172.20.0.1\n  next\n  edit 0\n    set device port2\n    set dst 172.20.1.0/24\n    set gateway 172.20.1.1\n  next\n  edit 0\n    set device port2\n    set dst 35.191.0.0/16\n    set gateway 172.20.1.1\n  next\n  edit 0\n    set device port2\n    set dst 130.211.0.0/22\n    set gateway 172.20.1.1\n  next\nend\n\nconfig firewall policy\n  edit 0\n    set name \"allow-all-outbound\"\n    set srcintf \"port2\"\n    set dstintf \"port1\"\n    set action accept\n    set srcaddr \"all\"\n    set dstaddr \"all\"\n    set schedule \"always\"\n    set service \"ALL\"\n    set utm-status enable\n    set ssl-ssh-profile \"certificate-inspection\"\n    set application-list \"default\"\n    set logtraffic all\n    set nat enable\nend\n\n"
            },
            "metadata_fingerprint": "nA3trl81I_E=",
            "metadata_startup_script": null,
            "min_cpu_platform": "",
            "name": "bm-mantis834748-vm1-us-central1-a",
            "network_interface": [
              {
                "access_config": [],
                "alias_ip_range": [],
                "ipv6_access_config": [],
                "ipv6_access_type": "",
                "name": "nic0",
                "network": "https://www.googleapis.com/compute/v1/projects/forti-emea-se/global/networks/bm-mantis834748-external-vpc",
                "network_ip": "172.20.0.3",
                "nic_type": "",
                "queue_count": 0,
                "stack_type": "IPV4_ONLY",
                "subnetwork": "https://www.googleapis.com/compute/v1/projects/forti-emea-se/regions/us-central1/subnetworks/bm-mantis834748-external-sb",
                "subnetwork_project": "forti-emea-se"
              },
              {
                "access_config": [],
                "alias_ip_range": [],
                "ipv6_access_config": [],
                "ipv6_access_type": "",
                "name": "nic1",
                "network": "https://www.googleapis.com/compute/v1/projects/forti-emea-se/global/networks/bm-mantis834748-internal-vpc",
                "network_ip": "172.20.1.4",
                "nic_type": "",
                "queue_count": 0,
                "stack_type": "IPV4_ONLY",
                "subnetwork": "https://www.googleapis.com/compute/v1/projects/forti-emea-se/regions/us-central1/subnetworks/bm-mantis834748-internal-sb",
                "subnetwork_project": "forti-emea-se"
              },
              {
                "access_config": [],
                "alias_ip_range": [],
                "ipv6_access_config": [],
                "ipv6_access_type": "",
                "name": "nic2",
                "network": "https://www.googleapis.com/compute/v1/projects/forti-emea-se/global/networks/bm-mantis834748-hasync-vpc",
                "network_ip": "172.20.2.2",
                "nic_type": "",
                "queue_count": 0,
                "stack_type": "IPV4_ONLY",
                "subnetwork": "https://www.googleapis.com/compute/v1/projects/forti-emea-se/regions/us-central1/subnetworks/bm-mantis834748-hasync-sb",
                "subnetwork_project": "forti-emea-se"
              },
              {
                "access_config": [
                  {
                    "nat_ip": "35.193.3.8",
                    "network_tier": "PREMIUM",
                    "public_ptr_domain_name": ""
                  }
                ],
                "alias_ip_range": [],
                "ipv6_access_config": [],
                "ipv6_access_type": "",
                "name": "nic3",
                "network": "https://www.googleapis.com/compute/v1/projects/forti-emea-se/global/networks/bm-mantis834748-mgmt-vpc",
                "network_ip": "172.20.3.3",
                "nic_type": "",
                "queue_count": 0,
                "stack_type": "IPV4_ONLY",
                "subnetwork": "https://www.googleapis.com/compute/v1/projects/forti-emea-se/regions/us-central1/subnetworks/bm-mantis834748-mgmt-sb",
                "subnetwork_project": "forti-emea-se"
              }
            ],
            "project": "forti-emea-se",
            "reservation_affinity": null,
            "resource_policies": null,
            "scheduling": [
              {
                "automatic_restart": true,
                "min_node_cpus": 0,
                "node_affinities": [],
                "on_host_maintenance": "MIGRATE",
                "preemptible": false,
                "provisioning_model": "STANDARD"
              }
            ],
            "scratch_disk": [],
            "self_link": "https://www.googleapis.com/compute/v1/projects/forti-emea-se/zones/us-central1-a/instances/bm-mantis834748-vm1-us-central1-a",
            "service_account": [
              {
                "email": "fortigatesdn-ro@forti-emea-se.iam.gserviceaccount.com",
                "scopes": [
                  "https://www.googleapis.com/auth/cloud-platform"
                ]
              }
            ],
            "shielded_instance_config": [],
            "tags": [
              "fgt"
            ],
            "tags_fingerprint": "xTla7NhEPGA=",
            "zone": "us-central1-a"
          },
          "sensitive_attributes": []
        }
      ]
    },
    {
      "mode": "data",
      "type": "google_secret_manager_secret_version",
      "name": "fgt-apikey",
      "provider": "provider[\"registry.terraform.io/hashicorp/google\"]",
      "instances": [
        {
          "schema_version": 0,
          "attributes": {
            "create_time": "2022-08-19T09:08:33.034003Z",
            "destroy_time": null,
            "enabled": true,
            "id": "projects/193919212754/secrets/bm-mantis834748-vm1-us-central1-a-apikey/versions/1",
            "name": "projects/193919212754/secrets/bm-mantis834748-vm1-us-central1-a-apikey/versions/1",
            "project": "forti-emea-se",
            "secret": "bm-mantis834748-vm1-us-central1-a-apikey",
            "secret_data": "1htsrZRuITn6j29Y1t1l2tigb4DLm0",
            "version": "1"
          },
          "sensitive_attributes": []
        }
      ]
    },
    {
      "mode": "data",
      "type": "terraform_remote_state",
      "name": "day0",
      "provider": "provider[\"terraform.io/builtin/terraform\"]",
      "instances": [
        {
          "schema_version": 0,
          "attributes": {
            "backend": "local",
            "config": {
              "value": {
                "path": "../day0/terraform.tfstate"
              },
              "type": [
                "object",
                {
                  "path": "string"
                }
              ]
            },
            "defaults": null,
            "outputs": {
              "value": {
                "default_password": "1797206279074278895",
                "elb_bes": "https://www.googleapis.com/compute/v1/projects/forti-emea-se/regions/us-central1/backendServices/bm-mantis834748-bes-elb-us-central1",
                "fgt_self_links": [
                  "https://www.googleapis.com/compute/v1/projects/forti-emea-se/zones/us-central1-a/instances/bm-mantis834748-vm1-us-central1-a",
                  "https://www.googleapis.com/compute/v1/projects/forti-emea-se/zones/us-central1-b/instances/bm-mantis834748-vm2-us-central1-b"
                ],
                "internal_subnet": "https://www.googleapis.com/compute/v1/projects/forti-emea-se/regions/us-central1/subnetworks/bm-mantis834748-internal-sb",
                "prefix": "bm-mantis834748",
                "primary_fgt_mgmt_ip": "https://35.193.3.8",
                "region": "us-central1"
              },
              "type": [
                "object",
                {
                  "default_password": "string",
                  "elb_bes": "string",
                  "fgt_self_links": [
                    "tuple",
                    [
                      "string",
                      "string"
                    ]
                  ],
                  "internal_subnet": "string",
                  "prefix": "string",
                  "primary_fgt_mgmt_ip": "string",
                  "region": "string"
                }
              ]
            },
            "workspace": null
          },
          "sensitive_attributes": []
        }
      ]
    },
    {
      "module": "module.app",
      "mode": "managed",
      "type": "google_compute_instance",
      "name": "websrv",
      "provider": "provider[\"registry.terraform.io/hashicorp/google\"]",
      "instances": [
        {
          "schema_version": 6,
          "attributes": {
            "advanced_machine_features": [],
            "allow_stopping_for_update": null,
            "attached_disk": [],
            "boot_disk": [
              {
                "auto_delete": true,
                "device_name": "persistent-disk-0",
                "disk_encryption_key_raw": "",
                "disk_encryption_key_sha256": "",
                "initialize_params": [
                  {
                    "image": "https://www.googleapis.com/compute/v1/projects/ubuntu-os-cloud/global/images/ubuntu-2004-focal-v20220810",
                    "labels": {},
                    "size": 10,
                    "type": "pd-standard"
                  }
                ],
                "kms_key_self_link": "",
                "mode": "READ_WRITE",
                "source": "https://www.googleapis.com/compute/v1/projects/forti-emea-se/zones/us-central1-b/disks/bm-mantis-834748-websrv"
              }
            ],
            "can_ip_forward": false,
            "confidential_instance_config": [],
            "cpu_platform": "Intel Broadwell",
            "current_status": "RUNNING",
            "deletion_protection": false,
            "description": "",
            "desired_status": null,
            "enable_display": false,
            "guest_accelerator": [],
            "hostname": "",
            "id": "projects/forti-emea-se/zones/us-central1-b/instances/bm-mantis-834748-websrv",
            "instance_id": "1884112026026043529",
            "label_fingerprint": "42WmSpB8rSM=",
            "labels": null,
            "machine_type": "e2-standard-2",
            "metadata": {
              "app-code": "H4sIAAAAAAAAA+18B1gUW7YuNI02INIECQrYgAiSc84ZiQKSMzTQEhq7ybmJCggIApIETEgGUYJEQQQliGQkZ5DQIDm/wuM5M3fuud+8ud+bmXff4++veteuWnvttfcKtWtVd1k7ucO5XF3scf6J4AEgJCBwWvIKC/L8dXm6y8fHK4TDK8AnLCTMI8zLA9Dx8gsJ8uPAeP6ZQv0Od7SbFQoGw7F2Rtr4uDuhHRF/Tvf3zv8PxX1tTWViwsuEwC6xqoqCDg4OrhywkUPOAUfkA0k6gQIXraMsh1PUSbsIVLzghqp2Gho4bMA+BAeMexkH/5QE2KRwr/yxr4TLioP3cx+EgxOBwAH/Oq75q9ukX/XfSrws3F/UwLEs0O/UuHJZeH/sk5828+Xn3AYKAlcVIzQODhXZ6YZrn9kNiE1erKogq+eFuzLqGG3qTtOyfnKSLso/fOWNznsiNtadIQ9E1E2BB2tyusis+0q8E0TeVvda1ZBfDeUZ31Nzf6V+kLpAJCgYZMkYjpNLUB45etujjVKFlzmSQLtrUOfbUAb6WMr+mxmV2MqqhHgy+smeZjdPRsZ8+obfkx9tQynouzHnQRAYzwwooOjk6/1aiwzfzkBSmQbRqzOThwVtr42owpQgt5gUVlVoRx5CDx/GKZw8SF3MTnnl0/rl85cvm/wI2i8S3pNhxIefmbVTxkeg5V+k5wlAkMoJ0zlTr0/engrW63E7q3ElEiyTXl17y6KZVYGt4ycp11YXWbcijkptuGMKjN13VechjfFHB3sn9JO7j9ozAJHSr8EIRE7i5gvrZ4s7jj7xUaUOWQ2F+Zl3b+BT7dnbcv8wyhWFnehKPrw9Om1PK7kfa/cC5TYVyW43n9yc0Ahp1/J6BONo1x6MIyNUeDhjPXMNnBE7pa8SPldAhGC7QXOZLO4k8apWG9fco53jr6wKBz29K5kBJkcpZB6OLgkEcmimF9lyBO0rGnO+8XdH9hOwquHPlGPD/b7wdhzfeL+b03ogLWS2uftQnj0z4Pv3jdhLeREMg9TBrpBw9Sh8itYd2KzW0sASeRqVnf0JU+D4Upkbo14eSX93Mn2SxYtM7on+tOFrwV0jKohXb0DeIvpkBMp7kXZ2L2/U60hzv9/N8pP3r3fsXE6pQ23UdW/rrxGzQIikYEJIFXxNP9LpWfbFwyXHvZp10b2au8V+F71jwbN4sS70/nJyOlKoma/EuMElVyI58DD0RDOZ3O/I62+2FXdF+CetxHPbBVA1vx1XNw9Yr/ep8dmIYoF0xD4+10GgAlN6nfNYMK3zxaLskFqNyZNxUTLhq/FfKCz4BpBXLzNCDoLa2aALKTL0kX15bZcf6HWGpMTLewbwig/XLN2viKVbGBIj5noMExDRM74sh+mfFEU9fUzbwprJIsWeyX7cqbiaEzuGns8c3V7xS6pslSYIdiWFBUTLDIGNM1n02bgELhN7BxQ7vpSWWoqkWj0JqTcOSJ77qhkEc8ppdIQYQlt3yBLy0GX8CFcrg0dh2Kq8g6Pewcfp4h022Tiyldoh8xBDila8W9vQWQ7KRa7lJO1Dq1eK4i+XtmiiVu74xMsPe8OCghC4VY8f06Km5ZLEDHJr5DURe1VI252+HXXzja8WJ8YxbZPv6RlOzkGphTD9xe33/XK72/1aVxOKDVzSvvFtd5Xwciwnw0xfvUeDw1UtuaD2aS0zr608Q0XqnH3Q/qxa00yQiMWrUrWMXZow6Raji10X+R+EMKDH3dinM1vnI05cdvTzi9dpsvs+dVOB1C61cnMMx0XdUV7Pf2a85eHJ4W/Z9GTRMdnYZdJ/mdT4MaMkrEsR0x9Gn9ohYDvEPfvudYWUx+zLIzNTPwaqZnorhpZGJQYeEUy/cHtn89fWyCtTz38E+VUfflpBzee9d76FHWint8I+MMIDvbi0VpqezUilFC03+DD8o8HLCqeHvrpDvo81vX2nnzKB99mhOqLs3AnPnOJnpqUue7tuFvsiF7CUm/bOYKvAdCMi0OylVpLWJG7dmTE25KM2+xMnN78f5694ajwxGwvXHEMFr9mSm8viYIRAKJzy9Gyqp6+EULrU6/X1TtYox7SKxB/MwSWPbGyekVLHBS3TfX5LMqtX+31ORDOg2sp6fw7XWdXAQA3qkZgQxsBDC7LSLxqANhpX5R7tKLG8DPD5uru7z+epCU3y9nESB+FRxKWpqlKeq5LzWNHt85pZbTv+oeIflFZWcJs8tG3qGTWGgUpkPf81rd1G5yudKs+m3d6Iz6xy0KS7d5z4QfjkcQc84lWXt6+E7NS/wqbsq78XQn7tYIBQMU8RQ2AlFJjDaIqriuzwL2vVqHsdA0s9PSjvZZQEpBHVfr9QIYsCVPiFuExgu+8b1bNni1+E1DUK2ZvCyUPhj8mG78mkgH/glcCxXbfzB6rCD2Y/fpq66qcBTVq8Sj0cKWME/sHTLi1ccLsiTKDOxs0PaxJZswi2epjTVM6gjcKoN2qvJrzu894x2VPylr81zACJEqMpJ8JlAhVKNl2rUtfsHC618juMZyxXhFLeZXMiB30Ea9KaoxFrb6uFY7RcuIx9wVZfrzduwyz1sty9NOJNOeafjvDuz9deieq9Lmv4HFHCCaGmat25YBafjiWvmP5Rv1JdwrpCFqqYAh7GNMRBZqic1hJn4gUcV19hn1RmQZzJQxUfg4aDGuIIbPf6HOO/X6+61VusdPJ6hzjEJRNGuwk2lAbJs7lOiTSxz+iYS+dinwT0wWggjbLfy1zA4aaw9ta9T2+/+T69s/9s4yItNQ3FeVkRVu/+KBwQY1wmhtGgpqhf6vV+mHxFG/7FeWzBkBZ9cEnmtwIiXPA3wjdFXnTNFdGaEmJxaifkoc4tjVEQWJcBrqiwaKAX1iVZd13q24B722dIY0BUmRQY6sAdB+9sXiesqlzaadmWeJ17lOazwSY7eMUgKRIHRIg5TMpGqXQM5UYFuH1qis14YRiaFwrTK70VigOqJXOg0+fX8XWk7fA7yMsQZ681/tI4SxZKJOgVgwMKg7Y28eTpFwceR29lLrWcIw090rajA2RJkQmwGhDYQtE1cT84XkQauOuP7FUTNHZ2vJLBwQRAWpNZUGldt4uS/OzbdusGtlGJYCtudyMhEIRDDVbvZvBIr+Vy9h5xheQmR7FP+QTcXYsXuAy7ysHavkjkfsgcXKurFd4mDIMtJ3K0KeJgViGt82FjByrb55F0vjOlUe/KupK5w2B+VecD5XEwIMI3MdwF/Z2qaWXj7yxPjo0rhB/ClstZ24BzTyC09VmOs/7sFk4jXSuXoKGjlHBvQP4rmMO4y1ViGpChgRm/maIx4ljYckerIRsIsikH05j93P924BPzZZdhPqknbo6XwFYV14wuAucUs9zxXonUzRmqFK30ExI0uqi+pgVDF2JljjlR10iwFcj0dInqK+zMkOrsVj6oTFYxaA/TX6SfH2F0MuRS8Bi2HM7YBkxQHdGbxq7qtCWSE3enKnYWSDK7iiQIckEJJk1VZWxypTmRu23gU9vn1/BLJC99+wEVQmipWmdQZlwxRYVamvW+otfBk6jNV8DMvCdspWLhyrtWRyMVOKZ5tCJD0Pg+5uFbpqAGPnw5/no5DfhSqmCE9CszCtlXic8u4oIjGeIy7zIO5DyUtohrQugjhCJhva9uhQCqJnMwe8QQIxyR4lpr1wSRe3BZEALT5sD024c9JJJ6t9gxHShd1vOACSJ+afoIOKOCOayUq7q0MMgWuIyX4QKTHcylxirjYOSIQrtqZkdGqw3cXj8EW7EY11Dhggk5u/YLSuKdzE1MqgoTiJkh4l+nagEmTpjpzEv6pveka2tDyjQgjdaxiYWA1i7ia6aH+G2Z+b4sMr9zQ7ZS78ZYBA5oFhpX2/jKuPAc1uUROu5IRygVZhpJhgUirw7BjG8YQ0y52X6rDRUHvImg8QXrOj0Yypoo01qsrqvar4jYePfCSUS2koJ5DBjrLDlg1m1S5ZPZue5RzhKylY+h0oDoOoTgqq+6j/S4t5mslqyJoaFRBOtogEuOTABv+E3a81jpOkM88KS13CEtLvgme9z4uuZq2OHYV7NppKgZOXhy0W2XBgR5ZCKzTTh7OP0W9SyHJLOINHjNTezwAi74Mze0pVve68Rb3DMmPY8meE2PrwZwsetgY+FQz+PPfez9Fm554ZBG3U9rYiDIILQ1ULLoOhPDxZwaKJ6sg02vGwYHlEMex+MmZYru68xI9EAyQYZz1y6DII/JWmNvbHYOkBQZi38r4g0uySAsZggK4sQVbbt2mcboivfJtscD0tAVPS9iXHA7wcz81TZJjfK31YzEsg4uIwJAFFgBGw/ccHNx9P9ShzbfQwevJTIe0uGClwm96rkiuxM6Ja9DVmLSO6EyltlBfmjavjsPadXR3Yn5BI1h2hLKOLg9oL35UC5bk+/iOQbcTo9+WyVASzi7nD6vh359keheVmwyyPrbSgVmaZzlPvv9zuvrjko2RFeYIVR31oD5XCZqtQ8zcsUa/0HHQwGS+pE269W4d5gWyEcx2nMNiBGw6hCyYOQrrWVxz4shsPSEifqfhAxqL7ROUlkF5rjbFKEXmxcQZLjgOfwf0wQG0XqMme3jG49h6QOTwMr8woOgQ590JZdp03rwZDr4BPChbFJILq3W4zANk4/y8cIa0IsdCwgKoDk4JtNqikt9Okd/tpg0FM13CBhyuHKWe/OdCrGOixUuG6rQi18WFgFS8+sT+SjccLWNZEhj8vs1KjCUmhB3iGlTtVmtuBAZQ9CY/VhMgzGogR3fT3F1+hF8fr6YPLS4dxL7U/ZCbnVTL+cAe/FgV1YlzQQgDsYHmaZ1HTgcESV+Ti3f2ZXIDaKCyuDgOoL2OtLTTbB3HA3KlB2cKzcBU1YD3DaNh6RxkDRUjWxaA5hdLZh0Ukl8wZpUATy2a8xrEYILTuKAzdMe7JoGu36yrCH9aQMGT1XLhElD566ryQPh8H4QyeQW4KzWp86qThDaL9oySRvc1WuIOIcLFrsEeV+fClvWe7DDFBREh5n2DV0ikBNnekEOhmoTKDhC5C7RKgIdy8lcZN7kEg+BCfBqpALiZsjEifu+uw3O1oxlA4yBceKIMLjrM88iHi74DegJrLf7FuDUdmCIHP+z56RgaBchNNRY9DtUpiEaR9bB7pFAMA7IGDdYm12ZDjBxUhikIzpeCSojwy4DvTP7Sh4Hlx8Ezk651Q0BQRzwIXKFtO6ADEpBMAH+m5dlcXALcX5FvHYINNROSZUJAsu6BIO8RfUCrkGDG9zVzooAn0oCztaPEQNDeZhkoKk0zA+AhbJ+EKz385lwZ8KdCXcm3P+3wsnA68ixFb/ls2BBOKdfDWuQQxJXp1e3+u9Gepzm9VQVNRWK5CyD/zU5zzP8BbZIN/S/N//PI8wnLPy3+X+gPMv//yvwn/P/OC3AZvgz/y8rOK2N80/J/6v8qv9W/hf5f5yWv+T/cQxPm9Vr051a6q/8PxH56YaLk5pODUg/8Sv/n+7slLR1KQKBWCQqLXfnabDOJnbJguo9F3me+/mD6AUeuGZ+kcO57x+svc0oynbjcXSoVVyFHrh9FHtIw2vTSSOcclM//BVuxAXObgz5OJu1141Z+IAWluTDjOg8r5F0e4a4t1fQSR868+DdyU4Pd/28bXuaMBas3NMYRpTjxh+Tmpo6IuW/TxvsD9nWx1tR6mDsH7ZKbuh8M0jDb7fZ0dFxJNx+RETJUdlmnWvy0YfdfV53RyoqQ9xz1YiGhgbZ2P7Upba5M4XfXsHObu7ldEvsid/Xp4rsnB7by0M27zyxx2TLD0ryabd1BqW/YgU3D0Kbu7HgfTMicdJtmogjgmVkLJ240CrmPL3XmPVd/aZ9tsGbg8mcSfQu2aufOzs7H25tbaXRll8sP174+kyeituc48sNksOx++MHYmJi5zjN3m1mPIIRbeYf+LA4ESz7UqrVb21qn/e97FTdVBRaC8eO1XpraGhE0HlcctKg1OYP3EvDdyxUjqVvIdvG0g+PjY3dMjUduVAxZGMk/SE/pWM7vIVexHVi44mkb96qfqwkaqa1Lj093U5oWCh2diTTdSPVe2XN0NQfwmRfSK9Wu9Pc3cQV+yJiVELlR8mwze3YjXyLPmES+kj9Po19IaPvq9qjy8vLWuprbc0VXrokBxJJqT5ebs6ZvhztV3qd5sboNg3739anVtVdjH1xfmU42PZqmkjBkwgn8shmHui5RhlqCJ4V7EIo5h+oNJzkYi7EP3gA7hTyIujJy8sriIyMtGiqg+SvWXy2+d6bu6eoqNiG+4TFat/2Zhx+ZyAbcqvXTHn0LaU4eq4dCYfDOYO8U98FlhjGZx1B4kbl41ZUuatujup874wIjAZjffK5ckdkwdNzOp6X3IUNOdwjtCtiZr43mX9OfNeU63vF3UB74IKVzo7fd81nq2TfU9/fPAyIpUc+X5X7Xue8pcZYHnngSke/2tTEFdWM3ZksCq9PO3ip5/45hD6gdep5yHmS46n3568esjK3gtxZdDwlAjM+SR63W+ce2PRzM5saqfHtBjXrVKS+o3IeqVyf21oauOo+eKPkGf/e9HXzRMqCt7h452yZlx1imR+mMVEWNdrcvzIfBbeJXjPsfoqvOoqWoCxS4bjfkU1P1KPGccXhXsvrMWWOYn7JJEc20jYlLq0QzkttXx75FHxndrrfkqdV6uovkfRAypDj4ZY5PZGwHkdnpGTSu6bmH32hoNg+KWjbl01AhewffrjOeHGMOJR+a0GUJFpXj95tofP268659OXoXUHAsNcDBzP3Hlv+d/EZEt6oHYH9Dj0Ss2bUsXrx+QwTSTeGtMmtrIPEza7bBQNyFQk+rkYr68/HT9iWKIn+QeX/rEwE9sl8LDAqY4O89lcgROegSa2VGwMmmIUSj25wctLJZmH94xNPXn9n29DR1nblwpTtqHiulg4u9uTwM/MpL/aNmpPpiV7ulI7GMbqC6K3VNytSY6go865Ve6c7LaVL/1xc65bMQ0tT9vuDsbrBHKx31VlXq2vGtu2q4u9xMsJ9rwd4Tuzo5nMN6Le/JZ56O6pWxPYpOgSV7tyUIhpDTlIripUxR/rcMND54O+q/fmt8+Q3gW7BWUxZgMiSVusmsU7V3ILmINlgzw52/MRYXl7e/vNTjomdC53jFYWFK32Cjv0Ops6f8erx1g6ci9RsZLWeg42COENWEj91OEwyzpuU9FNfy0goQUuU19TUyHCYFrbMzc+zh481dlQP2aQk+L4zdNl+QN+m3stX6pR1B3DqkAT6oh+GpsRa380nS0ds/dfedLW9oFcbvVnqs2PYR56/T68W7+2n41nZMvX9c6h7zyeRan0O6enrMaJYitLnqFGK0m3MYGOjnDCN+qhxKTMz8/63EO8J9xjDFRtyW1KPukGOY5Q494Y4LttH6LymixJnB3I9som+va0tH05eP1dqeyg9bbfE0E3uTN97ZOi+96Yry2LDMm7zwOnC1sFrgtet7osVafvuRo/1vYMGmpD06b7Vhod3Jkq9tT0dpwbo4okraMwHykc5PjMuK425Oa9OOFYa9OI5pRlQzSmWjhBtVNPm4T1TXcvsKd5L0+cQHFjfZsDOeYp+QEkQD3zMqdkzu4jZPLi27LFiczQsVmkRW7q6apavVBD2D9vdr0pd7jkBFR+i7IK3H55jy7niqX1iX79+bUAAL7y+71ffTMbJDXM+IGx/ppBHZVLA2HcNdiI3eu57UYlhc8rilpE5+0LFe+v7euwvjwTarX28eq0TMF+0oOrVmV4Hd6JeFE1tafBs5B5EN5Ph1gf1fm/qzZAfnedIcqy+t2QcHmEsUeNQuulKI8nB2CX8AFJO0zhzrJnVX7upLU9i9/iifkgKdsqdeGCbJP/8fu2TAHvytUPSh1ueHEnvpG38xQY8RAfsAjgx7ypuebJhetVqsnt6MxRHr1hyh44it2RGxXN9tzozxJWhSGnrUoV+bPbA/RRKCsd/NEL/TUVkKEin6qbanda1TC3z3e/jgrSpequF165UxN8zO+nbSjgpxHx5jsr5EVicsKonJjz7HrZ4+PTp07QFK3LJx0xCCW+wWjQng43QeY0bUa+zrNqiaQpfjhss7LhH9eHAu8sMmgpyLNC0LIudAb018QEWWeMVBe/c3d2PaFTFHioso69Zj5cb+lCrkEyrfitiQhwUNcd/plNg23kNXHzfqiVxDDmXboo/DmjpxupuOsasPo8oW5xk9DHUIJmTcfbpksHyPkel1TIMbfIE03PBJA/SBLrLnll+yYlQXnhPu/FprDbOUTriHfFY0J348tsi1DfZPF8Iu6UGcGdHMKQclqYPuCdZFvJ+EDXhYNEuGJKw3GgGafDJUnrf07wUtbBOr2amccFC84N/essPy00Nn8pBG9EdGuuqcl56It0nvXSzpU4Czupmw96IklRIfXomzVxpXnJJSI8l+4c8JODaNmTlvTaLk1PPIwLo2/ZFSi/Ee0TI63rWGI5paTxbvVa6fF7jkzDJigkQtq+3Mo64W2w25Bjjay1KjpEICAq635vV9c1uKS8vX6VqYxkulkjKObYpjc4JbLWhAR0+MeTaJI2dJXfOMSwqHLKZHCNrW/KkVyMpZnEPxJZGkFw9tiYTq3WIe+3tehR426w2DRaVx6K/JZnkW6JZsL9taCrJnPRg8iJlhK8ph3RCZ9D329aLA4dcEfs9UtBq5HhdbE3A2/oPq0NlLXRihf7s+geD+fnzsgUtzT7/nUWB8DcZz+5876Zw4rbBGu+Nu9ib9VxqXQXDRWbV3Xlp19Oy6d9FrozXn9x3Hi7PcJWw7ZZ3MSjl5OT8Ad/OCt2svDuNqo6TnBNZ0L99O1EQ0f2c1meBbXthYOE9XDXQ3kBfP2/8zVA7sFAKUfjYkd1+5/XLl9eFrZK9NchJuMhMbt2aDKewb3/81WD51a1nASlKoxjVUW96tXRvFZ2Kfpv7rJksHhMNmB6JpFfbC6G1DMQeBYZPjxMkkwKKofmesbclSzf5+m3a2tqKtQa/ApE515qmQLLRpqqiIop5LiCpJYZWFOXSLZ/ScufqvdknlQiLFe5SP8NLvu5D020f7lzNeS90r4PRf1BFwitkB+/wnMi3ak+skkiyMxKJZeXg0DMTFsy73ovnbrHlAwuryjR0Z8q9JWx1E7Wja55X3ZyvRqhLoL219PLW5Haehc9ujgGVC4mpjdin24NCpZsjc33MVt/YSPKwpb3DD70Gl4DiJf3uxci0ey/m9PuajaoNqDRV55SAq9o1tz5Mj1ScBRCQra0e+bhcu+tneFJ+0Wewgd3kYHDqjZIZ83Ozznzypf92PEE+xVwgexN714qb12lIfY7th4mpaQ3hNv7gdbXwcPkmIeimT9L79lgTjtwROcYFdohPIbyrVDQmQba79rH7u0fvHF8dRN9Ofj63GHqZqlGo6firteCHFO/8nUaBu87chhyIr1hoeZoWEKzrbEuvOUWQWae1vS1cC7dNKJFM5rGiY2hmvpAR0JGnRvJsYVLIJwvfd03QvUXb87LkiBqJnWH8u2RtT8L5uisk4oX0leVXXZ37ejOUzfhxCMRxPX5ky0fYcZmUL+Plc0maKpKQW73sacqhVBt1zPUVlW1HjHUhtr2J334ki8zo7urqQvSF9UE3P6sfv1L6gU9ZIDhX5qE1+JC+LeQhU1KyuAzNdS0OufANF3oJ6hycV6va5LYPZbvDrB8KfwDiB8K66qu9D0eRT9TsKF27em2d9aIVDnZOluQId0YWO/ewV7c+Dwm0/K57lIfcyCoqqk/dLPPzarHE2YJ9mXtf9eVc19vF45Tz0duygvzoDY21NsWV4jtS2m/G20Po3yDzE/yXS33o807wzlN85teuiT79RdpZwuj/FOAIGysUlw3S+Z/Yx9/J//Cc5nz+yP8ICeLw8AoAB8/yP/8KGApqMWgzy8hqmwiYahsbCgqwapvfEJaXvyHsf01RVV5Wh1NXT1ZTQVZHgVNWU09VX1Xnti6nnqKuHqeSqroiwzUVdhW2f/cYzvDfB8LFFu7F5eDm7PTP6+Pv+D+fwF/5P7+Q0Kn/8/Gd/f77XwKJU9VLEUo4wK1spQhhMAk3hJsTXEoJiXJDuMDdYLZwZ6QE928HCSXQbt6npTXS1hvma21l42iPQrq72HLaIJ2QKDEYExwOF4c5W6HsES6cTnA7NzEYP4+rlzjMAY6wdwBqvDw8zOIwpAccZeeE9BSDOSBsbeEu/oS2CA+YrysSjXBDIF3EYFbWaKSTuxvAy9XK1hbhYi8G+8nmN86/VfwJuVBwW2snpI0jzNcTYevmALAX/g+98Qmc1v5ETAVZPlFe+VMWCJe/4XAq4O/tBU65/UUqFNzJyg3hAT9t52SPgv/5FCgKnX5OadzgVk4CPH9KxCcvL6/AL450tbJBuHkDA+ISOG3hbIVw+Y+iuCFdT+VgFrdDurhx2lk5I5wAclUXNziKAyaLQlg5ccDQVi5oTjQchbADeDjwwnzd4F5unFZOCHtAaBv4Ke1vzdEIH7gYTOR0VH8Iwscn/pMc7WBle6oRPlevnxuTtbU1wE6C+5fKJbh/sxCJU93/NJRTnf08KclojXRzQzoDIgsyM0pJIJztYWiUjSSjpwPC7eefSxh/J/w1ND6eUxkA0lMeNk5WaLQk4++a+DmzwClu4Nyv7997+0X5u9r/4PrXlvZzwn5x/wcaCwsw/2oLjOE/tf0PpL8J/xsx32/Ef4zYCWmP/Dng/10Gf9P+96dxf7Qn/GvZT82D8dRXeaVU3WCeSJQj3JYB0Ig7MPsuMKSLjRPCxvFUCBurU4vlckDB7SRZ/ljhsTBK6aG8YfZwN8C17WE/r+4MEty/NQc6BNgS/t7tn8ktcuq7v6uak+8/qNr619+I/lbTvIL/taZ/848/VP2P2cKvblC/4orwX4nG+/cmFRjzTyMGhvwz+P27Y/C/E79b7D+zj79z/ecX/JP/fwkJn13//xX4k+e/XcBG/fP5b9RVdCHOv/H5b9dfPf+lPm3WZZl1Wv7Z899zyF/Pf02RThSKFJlDtUljtyLxn7+V/PD4WFRH/UZ8Fr7g9Q9ggo/cT/347nR/eExtc2gpwHu7/tVDBY3oW10k1CEPLYPJDqNkeV/JQB4/qTK/8mjGxxl/kjWM0sdzCZsoXjncObI6urIy9vYgPnnIe+O4Y9ifX5zft4XG5nLJI1fqzwPwywtw9aHLa9L4xiT2BSF35zqc7O8W5jtbLihU9tUneQ9ijZyDI5NURobp6aUonBDLr/J+bMJLHZzItix1ejwOh6Tf+BPZ3C/YdkzUYN0mWAiLL5JZc7s5P8wagR/ZGeKREGTOcQMH/+gGcy/L9zR6CZjtx0mz3sw+/kuGOfOLF9ZY18gnkmVonBSaAoxsHm62zxfhvlOK7GWhMAjtJSOrt1QffddYH4HeJnXtiJ4p/SZkL1hyN+fpGokYXodvLK8+/C0Bps476y1u5vlwTBoGjc9z/fULmZsjkjI348IajAjKWbTtsxbhCrtWLE8/iY7rVT/du5TmPNBIL6liVFbSISWCiLFLqZVJ3bKjG0yVEdhHv+x6tUwN884cHm90CC8hd+g/gDo41qwsZ2EKD7qOo3G1FIWGfeRrOTXY18VmF9w6aYqdJ49vXxwpvDhoig0aRfEuLjQY5cFaX/bJ8+w+V1Ri6faRILR4VOfxWp3tvk/CtgX+uCZdcUCPokXO4zqwnxyLcp/LBPeN/TuP7nwXK9vFu+SfHpyV4r8imZFb0Lp0HnZSoXD+OprhTfDNtPNvXL+EmtzKdmcoJHgw4c6zMO1y7Rmy/ngke5Ij7rAbj3jOizcV1yLEmm0STuBGQHjO/hVnvKuU6N03T24XC+qg1+P56Gbul+bWpYaNxEkHSK1TLdbwiKLulHY7tErT18ePveBDhYECP99T7aojFrgF+jolRvz6PD/ak6NDrdonaTz2zQ9aZmabOo/zsA2pNUHMGDwrRRUW6VvngT9XlMD6ktH/NcbNtDHQzGpfLklm0UOtrfrclweyk6RlN8WVlblLb20cjpKG37L/8CagLICiQZj5IWmHCFl/5PWWa2PDtduPKq3ohvrBYsv2Y8x14SbRI5mEsUollpV3PuQgW0xNbw/0yzwz1RTx9XbbNX49a8v+8hblgC3vTbOhH1FBy0rktUUqnojyT8HMdS/d1W8HtDISst0u7DC7cD43+GX6NaSaDbuu5BvzVoIo/+PzNFF+CQmLxs9IwpxSk+/3xAz3xH8MZHZLTqfDKN8yS9Hguy1OWLTyUoTTOp6569xCvXYosY998Q25OlOF8VCmUH1cZ2ilJS3GpQQ6RySwMJwqc7OO/t0hvrIlTrw0FccKYRIcPAJ+PV/exQWlu6az2MgRGZQmsz2i/s2OO2JU1tdHPKKgtV8GzQoud9u6aLhHsRvH2c823orrNumFO9rqO52Lc8WI8TV4n8A0Fn53zuBrZqeWGknYs/PJ+0uUV3IJlT4SfmsYlBQh8/kQeny/dVCR6arOCvfTds9bNy1Il88V3VxUoUq7W0qrEpHANRPTYOAQwC2s5v3mM9m9TstOw5Wpo+hmI9vl9D6fnn0fGrVt4/zMutbWAYspKmZolfeVLg1Y5AcOXCNQ4nNf2cBRxhflHg8eoorMjji7ArenSoeXqDqLty8HpPKLeu+pDEiXDn4KD9/r2/ouxnR0M54OSaK8iH6oI2v6dNAMfROkm2trQt46bdIVNj7jZ09d8KGGay39le78+bWtcob64m+eJDalFpJEu6hE9vBD1SeDkKPxy/uTfCKXMHAeJ5GuVNeYfoXX79tDdy9Q/kBIxuHVnz/nrAGj5ph9RbL1Mtv0kGdljdbGD/eImYPSJRyUv7o12tUHjgYtzk8KtOaX1+mkXyDZQqRuX70gTlC6fjyZoCk28a2oFdKlMwWLC0gqxd1lSiy/3kVJew31sha3KQaXbJezvUk3RnTiclEv5JpOTLESDU43B0WFIKYVU67tdoV+KsPNWdjh8vBbdgHb2QpnD8/3b+dNwdY8ZiTPx8Vq8Z7T3LjpCLvThec8nkT4Zrurazp7e87f1EpSfZpu15Me+bI09HJm53Zo6r189Ut7yZ86ydgyzVl9KJaLF/dD8G4cFiZSglcdSBSlv5DV3MqmUbWd/0ycVFNkqfvqS3vwNsh2MWpVncfXJfGG/IDbVcWj7sweDZVdwqM9/GYNW4PxwLyoXZly8OZRL/sLj4f+XzdOaLx8gzYLuj/Io66ekPi3Wj0q93wvenpd+p+bjtZRlFXQUORytv0n9vF3878Cf/n9n4DAz/WfILAMPFv//QvABFOAOyNhnnBrGBqO8oCjYDZIFze4ixuakFDPAYGG2SJQcBs3JHDjeHoCuANFw+wQTnDgG4mCWcHQCGdXJzhwOwbcctr8ZONqZQ+HuaPhtjCEC8zNAQ5zsrLm+ncP8wz/Bf7I0fwT+/h77/8Q4uX7m/s/AR6BM///l+BP3v+hCGzPf97/vXQS9sH5N77/Q/Gv3v/x/LTZnlJYFc6fv/+DIv/3938cFDt5Gp1zZXvxqDtYO0pb7b21jYmDrGLBJYUpybGArl2DNC8CJeaP4Clm02DK90RsW0dCB+ke3zY228d87bBGG376r/l86+3tOnykseksjtsFKd4TZmU1298cv3Q0Ny3ZE+GCPPHN0zL7958ZnWCnfgTO/+jcl97YMA4UWdrfER/Y+4pHIlHiYj+U1RBCdXD4w1Sq7v1RRRs45kZJsDP+RMaESfKJ6FKgacF4ZltgveGJI5eByFhVkTZtNCeXp9zdqAOXTAJakwlMVciOaUHsyHxn/60pwvYBefQT/yPLAHPMHrIswLM/MGMrAg2uKrIXtcLN9mpsKnVMI/PaWV55RrVk4umHPykW7Ofe+MMEvZdhZKBStHVb663yZChltpdcUwm7PXsJCF24hN2W3nvJNdCDvaquHeDLdXK3H9m5f0TwaUtvBKUGkltPmhjlxJBWom2rgn/wlxUxfcaa02oc9xwePjCqn1dBUbi4kkYK31spgowoW9JpSN0tDfDhOvHtR2qpHDeZHm8UjKcHmXIfGsawwihi7zn2gIturI1VHelSLRE2uVNUxdCfBPRj1WWKut7QGsqw0lP3zkFoVS2PLI5am/f3qg77wTMD8z8cgX5VcnCIPzAAskMUh2GuGyBP0A80euCED3evAr23RdCCHT0sSh+QJGzeSM1x2Qf3ez/SsihYepTpvrk7UFb0THle4eIHOFW2lxHvAIvrO9DVdDNfRD+V/dHH5q/TA9dpB8SdOXwJIc2S2aYPGsLB/eJ3T4cS0Liev7ExriFS5DlouMoEo8DizWQSOJla+r98n2x/tBw6Pd4+a3A0up7BwkYxPtRSTyZChbmaqRTg3Z/M1bjOfZ3WQjJ57uJQhLbE85fOpCL+mJ0vXEW6Pk/SXA/zq0yVY57o1yNc5NY1qAOuaV8rGbPe/VzArS5yvGda5LoZ3C5zOFhACQL74Pf3fC9u32chj8n8Dvd6hs7eDQ/LhAgQ+TmlnjQRfHwb8IamsWd+bnEpo6GoQUzFx6M/h4X6BMV14vREp5iko9CY9ob+A5My8DaZ4VWF9TCjk8r1G2+1R5Z4p26C2fD75yWKcnrqJZdsOEFypfDu/WuugphE0iU81xO34PW9fGdrkwqyyOHU5FpmVxPQ0u3v4xmWh4Vo6TsUkRVbUHQ9uJylZEy3VsrJOqNuo2d4+Oho25B1dX7GGAypYVib3FsnuU5tkbK13GlJGom88E0LDFnmLpFquVubvB97nXpAd6nMKHRqKFqHCeyiOJGALl7qzbB3mR2Ldc2RW4e8ElLNUreku3F8DJ6msjML9BzZZKQQlpQS15qwBff3LHJ37KeRR5NktpubWSmHTl3qGgnFwbCWmGeYczc6bWOj5Xg7+6WhMFdFzJai8RI2Wst8fbvChz/bK/9wNb1hiLCAqdn9w257vxhFpEna4yPmEjrMlmx5vfD7yic6SDvSyDSaRDrmElVMhF1xoH/wXf/vndcpsyvv8w6pgtIoAVc7omKhtniyNaM1BNAGFAx5g9JIDa0q68jnDLQkqcOm7Oh1PR41zOHr8xQhyQ7f6l5Uyq7ca0k5B3HSnJi3jx3oWUxoz0wYye14MHiRHOZqhNlqbEvWXL93i9Xc41GRVlBDNrhfd5Gb/o5NxLcYbYlHz1eAwVzCWKQ/a86s/kwc634l24vDaJhZxvIqZmuqLZmFWmsOjMyu/DJoGoGDsSEs2KA24JFCt4sPeQ7L3bW4McAkM/EYtFT9ciDZWtIdOGwPHL7KPMAgM3EdPCbt+UOcPLpiv9RGbv260ooUBDpoMBGCBqbIy/GqHjvFDl3iEinMVRd0NVPcGOtTlej3LlG89obRjnxQgx2+lKRvAHtmAROF8MHj0mlwp7mlf14nv/DoC+0axN0d5aCGOtCSXkaxOk+Aw/gV2ikfuXVoZLlsUEMpuJ/9az3v+8o6zjUlwMOZ2lcBJTpCCrgbffYuV9T3aoRNvag0TcHBmJDthokaH/ZqjFRo1xDAd4DG7virNZfWSpdcFgIqqCJ3yH9gwZD0yAaf97MGc/fWX41vMFJowUe2Q3Aw/mDzx+yFaOrYckjzs6/feHBBylBD5ftLDusO2FjKSOXHqRpkMFc9jLL9UjHtEuKNtsT3Zad0HAwTweGy086QjZMJK718nxABVKS84XPR1oOgpemPF99BmkNQ36hxQcKA0T2Q2o1QgjRfSc+qZpSZmABxd36dSogYyfvN+2GuPaAlya9LisnuqB1ZYJxQpSvAtFPi9/s+C5zT3uGmIGFGiIMhI0kNYp7ryXMO6zALKxgF0jF6NRkHI08owXvlYIRBiJWCJNvhCjDI4Aafr7N4A6Ok2V5mshUsMhN6YH1YndtoBmnkwCU3XxBYU3Xim3KU3PqjjwgLCLSyqIGpDENVXAbQ00lWMMtMUOBLiQea1PzIWYA069Lm+gMyi4GwaVcs9pBAK7FNF7WghlxCCc8+g6dhU7kxvQHAEAD3MOP6YgbHk1tnu+MCqJ0SLIVO9KyCNHNG90uRndrmlnXbRnJttnZNweMlclgJcODJwvy8w/r7tuUS7ZropCUyWIkgJrbzYrE7VpF1VWM2Egxx0rak4zT/buuSXfn+xjAcBOZiXrvvTVi782lEbl2nvEg9qOEcfn+yiT9q/Igy8uBmFT0uyITSyyqGcudzdW3RGzjBgWYQDoZ0t7VA+m1sqPaI8id3wHjfNexb59vvIORYV5/NiAFzFtLQs0GxX7vjqMA6ptVaD3gcFyhWi2lH0v4W65O2yi3AoKRAO0dsetmVJM+WoKentUaxNwBbSL619NOGpAQMjIsVWhRZlS6fyAQ10BAWGGSPr/fSZnuF6w6Q4YKwrGvt4hmtnBTjXzulgfkIB0nzSvqLbDFTJESL4YLm2daeIJanc0WzH9v2AqZkj2HRRcvxfnoFiNIJ0mofv3S1ziBEbt2c7Q4gbnWDmOA83s4dHdYxNcUHOBg0leHQTqmv4A0K7IunSkEyIQ2SXwwoIomfDTDhgnbIvPyOiyo158aAeHoxAlA5K5mXm4//sGcFpPmpcpA+AXSQ1Gv88DqFp8qhXJBMWcP+fk9FbVnzQ+sNeTnAbSTW9UHZu/qkwLR0XSvRnBrzLlVkFXpgUQwE8tsTpTeWa8oUWesSWwFSAQIJkY4iz4oRs9ApM0IgwGqzljwRw9YMMlIQXcU3vi5jqWw5/4Y2u9JmmgoEJsTvH7+E5ZJb5wq7Ckh1yWumo1iGqLlbGVNOAK1kX2s93OwCT4ulHJjJrRdF/SQxRO6YWNyCUahdxfkGcDOwzMjZ7SqQuzvQjARDHhEW9KD0eeqO24d65n/jMkhqaKEB+2NkYpzKrELSoE3NoIaYhv0Go+xK+SlAkFT8foSoXOkeaZYnCOwBBirm/mMM68BirgO01GefPXgI6RLHBYmDOnVHJteAwyvAFfGINCvwlLqmAxnRxA2GvCEq0JrYFm7eVsYcE0C9qhuW5mdragvkAPvTxM0eFPU0I4dBwaHWQbeuy2TpyrB6dJoNgCFg3Gxqy0cE0AUKaGQGekAQFyQrw3qOGjB1MfxQ6/kRd40gGSg0Elcp5YzNGZszNmdszticsTljc8bmjM3/g2wmTnBLjQKbFeU7Uac5zf+5zw7PcIYznOEMZzjDGc5whjOc4QxnOMMZznCGM5zhDGc4wxnOcIYz/N+F/wVndFT/AHgAAA=="
            },
            "metadata_fingerprint": "HI7vZq0wDTc=",
            "metadata_startup_script": "apt update\napt install nginx -y\ncd /var/www/html\ncurl \"http://metadata.google.internal/computeMetadata/v1/instance/attributes/app-code\" -H \"Metadata-Flavor: Google\" | base64 -d | tar -zxvf -",
            "min_cpu_platform": "",
            "name": "bm-mantis-834748-websrv",
            "network_interface": [
              {
                "access_config": [],
                "alias_ip_range": [],
                "ipv6_access_config": [],
                "ipv6_access_type": "",
                "name": "nic0",
                "network": "https://www.googleapis.com/compute/v1/projects/forti-emea-se/global/networks/bm-mantis834748-internal-vpc",
                "network_ip": "172.20.1.5",
                "nic_type": "",
                "queue_count": 0,
                "stack_type": "IPV4_ONLY",
                "subnetwork": "https://www.googleapis.com/compute/v1/projects/forti-emea-se/regions/us-central1/subnetworks/bm-mantis834748-internal-sb",
                "subnetwork_project": "forti-emea-se"
              }
            ],
            "project": "forti-emea-se",
            "reservation_affinity": [],
            "resource_policies": null,
            "scheduling": [
              {
                "automatic_restart": true,
                "min_node_cpus": 0,
                "node_affinities": [],
                "on_host_maintenance": "MIGRATE",
                "preemptible": false,
                "provisioning_model": "STANDARD"
              }
            ],
            "scratch_disk": [],
            "self_link": "https://www.googleapis.com/compute/v1/projects/forti-emea-se/zones/us-central1-b/instances/bm-mantis-834748-websrv",
            "service_account": [],
            "shielded_instance_config": [
              {
                "enable_integrity_monitoring": true,
                "enable_secure_boot": false,
                "enable_vtpm": true
              }
            ],
            "tags": null,
            "tags_fingerprint": "42WmSpB8rSM=",
            "timeouts": null,
            "zone": "us-central1-b"
          },
          "sensitive_attributes": [],
          "private": "eyJlMmJmYjczMC1lY2FhLTExZTYtOGY4OC0zNDM2M2JjN2M0YzAiOnsiY3JlYXRlIjoxMjAwMDAwMDAwMDAwLCJkZWxldGUiOjEyMDAwMDAwMDAwMDAsInVwZGF0ZSI6MTIwMDAwMDAwMDAwMH0sInNjaGVtYV92ZXJzaW9uIjoiNiJ9",
          "dependencies": [
            "data.terraform_remote_state.day0"
          ]
        }
      ]
    },
    {
      "module": "module.secure_inbound",
      "mode": "data",
      "type": "fortios_system_interface",
      "name": "probe_lb",
      "provider": "provider[\"registry.terraform.io/fortinetdev/fortios\"]",
      "instances": [
        {
          "schema_version": 0,
          "attributes": {
            "ac_name": "",
            "aggregate": "",
            "algorithm": "L4",
            "alias": "",
            "allowaccess": "probe-response",
            "ap_discover": "enable",
            "arpforward": "enable",
            "auth_cert": "",
            "auth_portal_addr": "",
            "auth_type": "auto",
            "auto_auth_extension_device": "disable",
            "bandwidth_measure_time": 0,
            "bfd": "global",
            "bfd_desired_min_tx": 250,
            "bfd_detect_mult": 3,
            "bfd_required_min_rx": 250,
            "broadcast_forticlient_discovery": "",
            "broadcast_forward": "disable",
            "captive_portal": 0,
            "cli_conn_status": 0,
            "client_options": [],
            "color": 0,
            "dedicated_to": "none",
            "defaultgw": "enable",
            "description": "",
            "detected_peer_mtu": 0,
            "detectprotocol": "ping",
            "detectserver": "",
            "device_access_list": "",
            "device_identification": "disable",
            "device_identification_active_scan": "",
            "device_netscan": "",
            "device_user_identification": "enable",
            "devindex": 12,
            "dhcp_classless_route_addition": "enable",
            "dhcp_client_identifier": "",
            "dhcp_relay_agent_option": "enable",
            "dhcp_relay_interface": "",
            "dhcp_relay_interface_select_method": "auto",
            "dhcp_relay_ip": "",
            "dhcp_relay_link_selection": "0.0.0.0",
            "dhcp_relay_request_all_server": "disable",
            "dhcp_relay_service": "disable",
            "dhcp_relay_type": "regular",
            "dhcp_renew_time": 0,
            "dhcp_snooping_server_list": [],
            "disc_retry_timeout": 1,
            "disconnect_threshold": 0,
            "distance": 5,
            "dns_server_override": "enable",
            "dns_server_protocol": "cleartext",
            "drop_fragment": "disable",
            "drop_overlapped_fragment": "disable",
            "egress_shaping_profile": "",
            "endpoint_compliance": "",
            "estimated_downstream_bandwidth": 0,
            "estimated_upstream_bandwidth": 0,
            "explicit_ftp_proxy": "disable",
            "explicit_web_proxy": "disable",
            "external": "disable",
            "fail_action_on_extender": "soft-restart",
            "fail_alert_interfaces": [],
            "fail_alert_method": "link-down",
            "fail_detect": "disable",
            "fail_detect_option": "link-down",
            "fortiheartbeat": "",
            "fortilink": "disable",
            "fortilink_backup_link": 0,
            "fortilink_neighbor_detect": "fortilink",
            "fortilink_split_interface": "enable",
            "fortilink_stacking": "",
            "forward_domain": 0,
            "forward_error_correction": "",
            "gwdetect": "disable",
            "ha_priority": 1,
            "icmp_accept_redirect": "enable",
            "icmp_send_redirect": "enable",
            "id": "probe",
            "ident_accept": "disable",
            "idle_timeout": 0,
            "inbandwidth": 0,
            "ingress_shaping_profile": "",
            "ingress_spillover_threshold": 0,
            "interface": "",
            "internal": 0,
            "ip": "169.254.255.100 255.255.255.255",
            "ip_managed_by_fortiipam": "disable",
            "ipmac": "disable",
            "ips_sniffer_mode": "disable",
            "ipunnumbered": "0.0.0.0",
            "ipv6": [
              {
                "autoconf": "disable",
                "cli_conn6_status": 0,
                "dhcp6_client_options": "",
                "dhcp6_iapd_list": [],
                "dhcp6_information_request": "disable",
                "dhcp6_prefix_delegation": "disable",
                "dhcp6_prefix_hint": "",
                "dhcp6_prefix_hint_plt": 0,
                "dhcp6_prefix_hint_vlt": 0,
                "dhcp6_relay_ip": "",
                "dhcp6_relay_service": "disable",
                "dhcp6_relay_type": "regular",
                "icmp6_send_redirect": "enable",
                "interface_identifier": "::",
                "ip6_address": "::/0",
                "ip6_allowaccess": "",
                "ip6_default_life": 1800,
                "ip6_delegated_prefix_iaid": 0,
                "ip6_delegated_prefix_list": [],
                "ip6_dns_server_override": "enable",
                "ip6_extra_addr": [],
                "ip6_hop_limit": 0,
                "ip6_link_mtu": 0,
                "ip6_manage_flag": "disable",
                "ip6_max_interval": 600,
                "ip6_min_interval": 198,
                "ip6_mode": "static",
                "ip6_other_flag": "disable",
                "ip6_prefix_list": [],
                "ip6_prefix_mode": "dhcp6",
                "ip6_reachable_time": 0,
                "ip6_retrans_time": 0,
                "ip6_send_adv": "disable",
                "ip6_subnet": "::/0",
                "ip6_upstream_interface": "",
                "nd_cert": "",
                "nd_cga_modifier": "0065636473612D776974682D73686132",
                "nd_mode": "basic",
                "nd_security_level": 0,
                "nd_timestamp_delta": 300,
                "nd_timestamp_fuzz": 1,
                "ra_send_mtu": "enable",
                "unique_autoconf_addr": "disable",
                "vrip6_link_local": "::",
                "vrrp6": [],
                "vrrp_virtual_mac6": "disable"
              }
            ],
            "l2forward": "disable",
            "lacp_ha_slave": "enable",
            "lacp_mode": "active",
            "lacp_speed": "slow",
            "lcp_echo_interval": 5,
            "lcp_max_echo_fails": 3,
            "link_up_delay": 50,
            "lldp_network_policy": "",
            "lldp_reception": "vdom",
            "lldp_transmission": "vdom",
            "macaddr": "00:00:00:00:00:00",
            "managed_device": [],
            "managed_subnetwork_size": "256",
            "management_ip": "0.0.0.0 0.0.0.0",
            "measured_downstream_bandwidth": 0,
            "measured_upstream_bandwidth": 0,
            "mediatype": "",
            "member": [],
            "min_links": 1,
            "min_links_down": "operational",
            "mode": "static",
            "monitor_bandwidth": "disable",
            "mtu": 1500,
            "mtu_override": "disable",
            "name": "probe",
            "ndiscforward": "enable",
            "netbios_forward": "disable",
            "netflow_sampler": "disable",
            "outbandwidth": 0,
            "padt_retry_timeout": 1,
            "password": null,
            "ping_serv_status": 0,
            "polling_interval": 20,
            "pppoe_unnumbered_negotiate": "enable",
            "pptp_auth_type": "auto",
            "pptp_client": "disable",
            "pptp_password": null,
            "pptp_server_ip": "0.0.0.0",
            "pptp_timeout": 0,
            "pptp_user": "",
            "preserve_session_route": "disable",
            "priority": 1,
            "priority_override": "enable",
            "proxy_captive_portal": "disable",
            "reachable_time": 30000,
            "redundant_interface": "",
            "remote_ip": "0.0.0.0 0.0.0.0",
            "replacemsg_override_group": "",
            "ring_rx": 0,
            "ring_tx": 0,
            "role": "undefined",
            "sample_direction": "both",
            "sample_rate": 2000,
            "scan_botnet_connections": "",
            "secondary_ip": "disable",
            "secondaryip": [],
            "security_exempt_list": "",
            "security_external_logout": "",
            "security_external_web": "",
            "security_groups": [],
            "security_mac_auth_bypass": "disable",
            "security_mode": "none",
            "security_redirect_url": "",
            "service_name": "",
            "sflow_sampler": "disable",
            "snmp_index": 9,
            "speed": "auto",
            "spillover_threshold": 0,
            "src_check": "enable",
            "status": "up",
            "stp": "",
            "stp_ha_secondary": "",
            "stpforward": "disable",
            "stpforward_mode": "rpl-all-ext-id",
            "subst": "disable",
            "substitute_dst_mac": "00:00:00:00:00:00",
            "swc_first_create": 0,
            "swc_vlan": 0,
            "switch": "",
            "switch_controller_access_vlan": "disable",
            "switch_controller_arp_inspection": "disable",
            "switch_controller_dhcp_snooping": "disable",
            "switch_controller_dhcp_snooping_option82": "disable",
            "switch_controller_dhcp_snooping_verify_mac": "disable",
            "switch_controller_dynamic": "",
            "switch_controller_feature": "none",
            "switch_controller_igmp_snooping": "disable",
            "switch_controller_igmp_snooping_fast_leave": "disable",
            "switch_controller_igmp_snooping_proxy": "disable",
            "switch_controller_iot_scanning": "disable",
            "switch_controller_learning_limit": 0,
            "switch_controller_mgmt_vlan": 4094,
            "switch_controller_nac": "",
            "switch_controller_rspan_mode": "disable",
            "switch_controller_source_ip": "outbound",
            "switch_controller_traffic_policy": "",
            "system_id": "00:00:00:00:00:00",
            "system_id_type": "auto",
            "tagging": [],
            "tcp_mss": 0,
            "trunk": "",
            "trust_ip6_1": "::/0",
            "trust_ip6_2": "::/0",
            "trust_ip6_3": "::/0",
            "trust_ip_1": "0.0.0.0 0.0.0.0",
            "trust_ip_2": "0.0.0.0 0.0.0.0",
            "trust_ip_3": "0.0.0.0 0.0.0.0",
            "type": "loopback",
            "username": "",
            "vdom": "root",
            "vdomparam": null,
            "vindex": 0,
            "vlan_protocol": "8021q",
            "vlanforward": "disable",
            "vlanid": 0,
            "vrf": 0,
            "vrrp": [],
            "vrrp_virtual_mac": "disable",
            "wccp": "disable",
            "weight": 0,
            "wins_ip": "0.0.0.0"
          },
          "sensitive_attributes": []
        }
      ]
    },
    {
      "module": "module.secure_inbound",
      "mode": "data",
      "type": "fortios_system_proberesponse",
      "name": "health_check",
      "provider": "provider[\"registry.terraform.io/fortinetdev/fortios\"]",
      "instances": [
        {
          "schema_version": 0,
          "attributes": {
            "http_probe_value": "OK",
            "id": "SystemProbeResponse",
            "mode": "http-probe",
            "password": null,
            "port": 8008,
            "security_mode": "none",
            "timeout": 300,
            "ttl_mode": "retain",
            "vdomparam": null
          },
          "sensitive_attributes": []
        }
      ]
    },
    {
      "module": "module.secure_inbound",
      "mode": "managed",
      "type": "fortios_firewall_policy",
      "name": "app",
      "provider": "provider[\"registry.terraform.io/fortinetdev/fortios\"]",
      "instances": [
        {
          "schema_version": 0,
          "attributes": {
            "action": "accept",
            "anti_replay": "enable",
            "app_category": [],
            "app_group": [],
            "application": [],
            "application_list": "",
            "auth_cert": "",
            "auth_path": "disable",
            "auth_redirect_addr": "",
            "auto_asic_offload": "enable",
            "av_profile": "default",
            "block_notification": "disable",
            "captive_portal_exempt": "disable",
            "capture_packet": "disable",
            "cifs_profile": "",
            "comments": "",
            "custom_log_fields": [],
            "decrypted_traffic_mirror": "",
            "delay_tcp_npu_session": "disable",
            "devices": [],
            "diffserv_forward": "disable",
            "diffserv_reverse": "disable",
            "diffservcode_forward": "000000",
            "diffservcode_rev": "000000",
            "disclaimer": "disable",
            "dlp_sensor": "",
            "dnsfilter_profile": "",
            "dsri": "disable",
            "dstaddr": [
              {
                "name": "bm-mantis-834748-80"
              }
            ],
            "dstaddr6": [],
            "dstaddr_negate": "disable",
            "dstintf": [
              {
                "name": "port2"
              }
            ],
            "dynamic_shaping": "disable",
            "dynamic_sort_subtable": "false",
            "email_collect": "disable",
            "emailfilter_profile": "",
            "fec": "disable",
            "file_filter_profile": "",
            "firewall_session_dirty": "check-all",
            "fixedport": "disable",
            "fsso": "",
            "fsso_agent_for_ntlm": "",
            "fsso_groups": [],
            "geoip_anycast": "disable",
            "geoip_match": "physical-location",
            "global_label": "",
            "groups": [],
            "http_policy_redirect": "disable",
            "icap_profile": "",
            "id": "3",
            "identity_based_route": "",
            "inbound": "disable",
            "inspection_mode": "proxy",
            "internet_service": "disable",
            "internet_service_custom": [],
            "internet_service_custom_group": [],
            "internet_service_group": [],
            "internet_service_id": [],
            "internet_service_name": [],
            "internet_service_negate": "disable",
            "internet_service_src": "disable",
            "internet_service_src_custom": [],
            "internet_service_src_custom_group": [],
            "internet_service_src_group": [],
            "internet_service_src_id": [],
            "internet_service_src_name": [],
            "internet_service_src_negate": "disable",
            "ippool": "disable",
            "ips_sensor": "default",
            "label": "",
            "learning_mode": "",
            "logtraffic": "all",
            "logtraffic_start": "disable",
            "match_vip": "disable",
            "match_vip_only": "disable",
            "name": "bm-mantis-834748-allow",
            "nat": "disable",
            "nat46": "disable",
            "nat64": "disable",
            "natinbound": "disable",
            "natip": "0.0.0.0 0.0.0.0",
            "natoutbound": "disable",
            "np_acceleration": "",
            "ntlm": "disable",
            "ntlm_enabled_browsers": [],
            "ntlm_guest": "disable",
            "outbound": "enable",
            "passive_wan_health_measurement": "disable",
            "per_ip_shaper": "",
            "permit_any_host": "disable",
            "permit_stun_host": "disable",
            "policyid": 3,
            "poolname": [],
            "poolname6": [],
            "profile_group": "",
            "profile_protocol_options": "default",
            "profile_type": "single",
            "radius_mac_auth_bypass": "disable",
            "redirect_url": "",
            "replacemsg_override_group": "",
            "reputation_direction": "destination",
            "reputation_minimum": 0,
            "rsso": "",
            "rtp_addr": [],
            "rtp_nat": "disable",
            "scan_botnet_connections": "",
            "schedule": "always",
            "schedule_timeout": "disable",
            "sctp_filter_profile": "",
            "send_deny_packet": "disable",
            "service": [
              {
                "name": "bm-mantis-834748-service"
              }
            ],
            "service_negate": "disable",
            "session_ttl": 0,
            "sgt": [],
            "sgt_check": "disable",
            "spamfilter_profile": "",
            "src_vendor_mac": [],
            "srcaddr": [
              {
                "name": "all"
              }
            ],
            "srcaddr6": [],
            "srcaddr_negate": "disable",
            "srcintf": [
              {
                "name": "port1"
              }
            ],
            "ssh_filter_profile": "",
            "ssh_policy_redirect": "disable",
            "ssl_mirror": "",
            "ssl_mirror_intf": [],
            "ssl_ssh_profile": "no-inspection",
            "status": "enable",
            "tcp_mss_receiver": 0,
            "tcp_mss_sender": 0,
            "tcp_session_without_syn": "disable",
            "timeout_send_rst": "disable",
            "tos": "0x00",
            "tos_mask": "0x00",
            "tos_negate": "disable",
            "traffic_shaper": "",
            "traffic_shaper_reverse": "",
            "url_category": [],
            "users": [],
            "utm_status": "enable",
            "uuid": "85503c58-1fa0-51ed-a34e-fc95269af37e",
            "vdomparam": null,
            "videofilter_profile": "",
            "vlan_cos_fwd": 255,
            "vlan_cos_rev": 255,
            "vlan_filter": "",
            "voip_profile": "",
            "vpntunnel": "",
            "waf_profile": "",
            "wanopt": "disable",
            "wanopt_detection": "active",
            "wanopt_passive_opt": "default",
            "wanopt_peer": "",
            "wanopt_profile": "",
            "wccp": "disable",
            "webcache": "disable",
            "webcache_https": "disable",
            "webfilter_profile": "",
            "webproxy_forward_server": "",
            "webproxy_profile": "",
            "wsso": "",
            "ztna_ems_tag": [],
            "ztna_geo_tag": [],
            "ztna_status": "disable"
          },
          "sensitive_attributes": [],
          "private": "bnVsbA==",
          "dependencies": [
            "data.google_compute_instance.fgt1",
            "data.google_secret_manager_secret_version.fgt-apikey",
            "data.terraform_remote_state.day0",
            "module.app.google_compute_instance.websrv",
            "module.secure_inbound.fortios_firewall_vip.app",
            "module.secure_inbound.fortios_firewallservice_custom.app",
            "module.secure_inbound.google_compute_address.inbound"
          ]
        }
      ]
    },
    {
      "module": "module.secure_inbound",
      "mode": "managed",
      "type": "fortios_firewall_policy",
      "name": "probe",
      "provider": "provider[\"registry.terraform.io/fortinetdev/fortios\"]",
      "instances": [
        {
          "schema_version": 0,
          "attributes": {
            "action": "accept",
            "anti_replay": "enable",
            "app_category": [],
            "app_group": [],
            "application": [],
            "application_list": "",
            "auth_cert": "",
            "auth_path": "disable",
            "auth_redirect_addr": "",
            "auto_asic_offload": "enable",
            "av_profile": "",
            "block_notification": "disable",
            "captive_portal_exempt": "disable",
            "capture_packet": "disable",
            "cifs_profile": "",
            "comments": "",
            "custom_log_fields": [],
            "decrypted_traffic_mirror": "",
            "delay_tcp_npu_session": "disable",
            "devices": [],
            "diffserv_forward": "disable",
            "diffserv_reverse": "disable",
            "diffservcode_forward": "000000",
            "diffservcode_rev": "000000",
            "disclaimer": "disable",
            "dlp_sensor": "",
            "dnsfilter_profile": "",
            "dsri": "disable",
            "dstaddr": [
              {
                "name": "bm-mantis-834748-probe-vip"
              }
            ],
            "dstaddr6": [],
            "dstaddr_negate": "disable",
            "dstintf": [
              {
                "name": "probe"
              }
            ],
            "dynamic_shaping": "disable",
            "dynamic_sort_subtable": "false",
            "email_collect": "disable",
            "emailfilter_profile": "",
            "fec": "disable",
            "file_filter_profile": "",
            "firewall_session_dirty": "check-all",
            "fixedport": "disable",
            "fsso": "",
            "fsso_agent_for_ntlm": "",
            "fsso_groups": [],
            "geoip_anycast": "disable",
            "geoip_match": "physical-location",
            "global_label": "",
            "groups": [],
            "http_policy_redirect": "disable",
            "icap_profile": "",
            "id": "2",
            "identity_based_route": "",
            "inbound": "disable",
            "inspection_mode": "flow",
            "internet_service": "disable",
            "internet_service_custom": [],
            "internet_service_custom_group": [],
            "internet_service_group": [],
            "internet_service_id": [],
            "internet_service_name": [],
            "internet_service_negate": "disable",
            "internet_service_src": "disable",
            "internet_service_src_custom": [],
            "internet_service_src_custom_group": [],
            "internet_service_src_group": [],
            "internet_service_src_id": [],
            "internet_service_src_name": [],
            "internet_service_src_negate": "disable",
            "ippool": "disable",
            "ips_sensor": "",
            "label": "",
            "learning_mode": "",
            "logtraffic": "utm",
            "logtraffic_start": "disable",
            "match_vip": "disable",
            "match_vip_only": "disable",
            "name": "bm-mantis-834748-probe-allow",
            "nat": "disable",
            "nat46": "disable",
            "nat64": "disable",
            "natinbound": "disable",
            "natip": "0.0.0.0 0.0.0.0",
            "natoutbound": "disable",
            "np_acceleration": "",
            "ntlm": "disable",
            "ntlm_enabled_browsers": [],
            "ntlm_guest": "disable",
            "outbound": "enable",
            "passive_wan_health_measurement": "disable",
            "per_ip_shaper": "",
            "permit_any_host": "disable",
            "permit_stun_host": "disable",
            "policyid": 2,
            "poolname": [],
            "poolname6": [],
            "profile_group": "",
            "profile_protocol_options": "default",
            "profile_type": "single",
            "radius_mac_auth_bypass": "disable",
            "redirect_url": "",
            "replacemsg_override_group": "",
            "reputation_direction": "destination",
            "reputation_minimum": 0,
            "rsso": "",
            "rtp_addr": [],
            "rtp_nat": "disable",
            "scan_botnet_connections": "",
            "schedule": "always",
            "schedule_timeout": "disable",
            "sctp_filter_profile": "",
            "send_deny_packet": "disable",
            "service": [
              {
                "name": "health_probe_srv"
              }
            ],
            "service_negate": "disable",
            "session_ttl": 0,
            "sgt": [],
            "sgt_check": "disable",
            "spamfilter_profile": "",
            "src_vendor_mac": [],
            "srcaddr": [
              {
                "name": "all"
              }
            ],
            "srcaddr6": [],
            "srcaddr_negate": "disable",
            "srcintf": [
              {
                "name": "port1"
              }
            ],
            "ssh_filter_profile": "",
            "ssh_policy_redirect": "disable",
            "ssl_mirror": "",
            "ssl_mirror_intf": [],
            "ssl_ssh_profile": "no-inspection",
            "status": "enable",
            "tcp_mss_receiver": 0,
            "tcp_mss_sender": 0,
            "tcp_session_without_syn": "disable",
            "timeout_send_rst": "disable",
            "tos": "0x00",
            "tos_mask": "0x00",
            "tos_negate": "disable",
            "traffic_shaper": "",
            "traffic_shaper_reverse": "",
            "url_category": [],
            "users": [],
            "utm_status": "disable",
            "uuid": "7d469444-1fa0-51ed-b989-5aa1e288b69a",
            "vdomparam": null,
            "videofilter_profile": "",
            "vlan_cos_fwd": 255,
            "vlan_cos_rev": 255,
            "vlan_filter": "",
            "voip_profile": "",
            "vpntunnel": "",
            "waf_profile": "",
            "wanopt": "disable",
            "wanopt_detection": "active",
            "wanopt_passive_opt": "default",
            "wanopt_peer": "",
            "wanopt_profile": "",
            "wccp": "disable",
            "webcache": "disable",
            "webcache_https": "disable",
            "webfilter_profile": "",
            "webproxy_forward_server": "",
            "webproxy_profile": "",
            "wsso": "",
            "ztna_ems_tag": [],
            "ztna_geo_tag": [],
            "ztna_status": "disable"
          },
          "sensitive_attributes": [],
          "private": "bnVsbA==",
          "dependencies": [
            "data.google_compute_instance.fgt1",
            "data.google_secret_manager_secret_version.fgt-apikey",
            "data.terraform_remote_state.day0",
            "module.secure_inbound.data.fortios_system_interface.probe_lb",
            "module.secure_inbound.data.fortios_system_proberesponse.health_check",
            "module.secure_inbound.fortios_firewall_vip.probe",
            "module.secure_inbound.fortios_firewallservice_custom.probe",
            "module.secure_inbound.google_compute_address.inbound"
          ]
        }
      ]
    },
    {
      "module": "module.secure_inbound",
      "mode": "managed",
      "type": "fortios_firewall_vip",
      "name": "app",
      "provider": "provider[\"registry.terraform.io/fortinetdev/fortios\"]",
      "instances": [
        {
          "schema_version": 0,
          "attributes": {
            "add_nat46_route": "enable",
            "arp_reply": "enable",
            "color": 0,
            "comment": "",
            "dns_mapping_ttl": 0,
            "dynamic_sort_subtable": "false",
            "extaddr": [],
            "extintf": "port1",
            "extip": "35.194.39.190",
            "extport": "80",
            "fosid": 0,
            "gratuitous_arp_interval": 0,
            "http_cookie_age": 60,
            "http_cookie_domain": "",
            "http_cookie_domain_from_host": "disable",
            "http_cookie_generation": 0,
            "http_cookie_path": "",
            "http_cookie_share": "same-ip",
            "http_ip_header": "disable",
            "http_ip_header_name": "",
            "http_multiplex": "disable",
            "http_redirect": "disable",
            "https_cookie_secure": "disable",
            "id": "bm-mantis-834748-80",
            "ipv6_mappedip": "::",
            "ipv6_mappedport": "0",
            "ldb_method": "static",
            "mapped_addr": "",
            "mappedip": [
              {
                "range": "172.20.1.5"
              }
            ],
            "mappedport": "80",
            "max_embryonic_connections": 1000,
            "monitor": [],
            "name": "bm-mantis-834748-80",
            "nat44": "enable",
            "nat46": "disable",
            "nat_source_vip": "disable",
            "outlook_web_access": "disable",
            "persistence": "none",
            "portforward": "enable",
            "portmapping_type": "1-to-1",
            "protocol": "tcp",
            "realservers": [],
            "server_type": "",
            "service": [],
            "src_filter": [],
            "srcintf_filter": [],
            "ssl_accept_ffdhe_groups": "enable",
            "ssl_algorithm": "high",
            "ssl_certificate": "",
            "ssl_cipher_suites": [],
            "ssl_client_fallback": "enable",
            "ssl_client_rekey_count": 0,
            "ssl_client_renegotiation": "secure",
            "ssl_client_session_state_max": 1000,
            "ssl_client_session_state_timeout": 30,
            "ssl_client_session_state_type": "both",
            "ssl_dh_bits": "2048",
            "ssl_hpkp": "disable",
            "ssl_hpkp_age": 5184000,
            "ssl_hpkp_backup": "",
            "ssl_hpkp_include_subdomains": "disable",
            "ssl_hpkp_primary": "",
            "ssl_hpkp_report_uri": "",
            "ssl_hsts": "disable",
            "ssl_hsts_age": 5184000,
            "ssl_hsts_include_subdomains": "disable",
            "ssl_http_location_conversion": "disable",
            "ssl_http_match_host": "enable",
            "ssl_max_version": "tls-1.3",
            "ssl_min_version": "tls-1.1",
            "ssl_mode": "half",
            "ssl_pfs": "require",
            "ssl_send_empty_frags": "enable",
            "ssl_server_algorithm": "client",
            "ssl_server_cipher_suites": [],
            "ssl_server_max_version": "client",
            "ssl_server_min_version": "client",
            "ssl_server_session_state_max": 100,
            "ssl_server_session_state_timeout": 60,
            "ssl_server_session_state_type": "both",
            "status": "enable",
            "type": "static-nat",
            "uuid": "852b4d4e-1fa0-51ed-ce2c-028b74fc2569",
            "vdomparam": null,
            "weblogic_server": "disable",
            "websphere_server": "disable"
          },
          "sensitive_attributes": [],
          "private": "bnVsbA==",
          "dependencies": [
            "data.google_compute_instance.fgt1",
            "data.google_secret_manager_secret_version.fgt-apikey",
            "data.terraform_remote_state.day0",
            "module.app.google_compute_instance.websrv",
            "module.secure_inbound.google_compute_address.inbound"
          ]
        }
      ]
    },
    {
      "module": "module.secure_inbound",
      "mode": "managed",
      "type": "fortios_firewall_vip",
      "name": "probe",
      "provider": "provider[\"registry.terraform.io/fortinetdev/fortios\"]",
      "instances": [
        {
          "schema_version": 0,
          "attributes": {
            "add_nat46_route": "enable",
            "arp_reply": "enable",
            "color": 0,
            "comment": "",
            "dns_mapping_ttl": 0,
            "dynamic_sort_subtable": "false",
            "extaddr": [],
            "extintf": "port1",
            "extip": "35.194.39.190",
            "extport": "8008",
            "fosid": 0,
            "gratuitous_arp_interval": 0,
            "http_cookie_age": 60,
            "http_cookie_domain": "",
            "http_cookie_domain_from_host": "disable",
            "http_cookie_generation": 0,
            "http_cookie_path": "",
            "http_cookie_share": "same-ip",
            "http_ip_header": "disable",
            "http_ip_header_name": "",
            "http_multiplex": "disable",
            "http_redirect": "disable",
            "https_cookie_secure": "disable",
            "id": "bm-mantis-834748-probe-vip",
            "ipv6_mappedip": "::",
            "ipv6_mappedport": "0",
            "ldb_method": "static",
            "mapped_addr": "",
            "mappedip": [
              {
                "range": "169.254.255.100"
              }
            ],
            "mappedport": "8008",
            "max_embryonic_connections": 1000,
            "monitor": [],
            "name": "bm-mantis-834748-probe-vip",
            "nat44": "enable",
            "nat46": "disable",
            "nat_source_vip": "disable",
            "outlook_web_access": "disable",
            "persistence": "none",
            "portforward": "enable",
            "portmapping_type": "1-to-1",
            "protocol": "tcp",
            "realservers": [],
            "server_type": "",
            "service": [],
            "src_filter": [],
            "srcintf_filter": [],
            "ssl_accept_ffdhe_groups": "enable",
            "ssl_algorithm": "high",
            "ssl_certificate": "",
            "ssl_cipher_suites": [],
            "ssl_client_fallback": "enable",
            "ssl_client_rekey_count": 0,
            "ssl_client_renegotiation": "secure",
            "ssl_client_session_state_max": 1000,
            "ssl_client_session_state_timeout": 30,
            "ssl_client_session_state_type": "both",
            "ssl_dh_bits": "2048",
            "ssl_hpkp": "disable",
            "ssl_hpkp_age": 5184000,
            "ssl_hpkp_backup": "",
            "ssl_hpkp_include_subdomains": "disable",
            "ssl_hpkp_primary": "",
            "ssl_hpkp_report_uri": "",
            "ssl_hsts": "disable",
            "ssl_hsts_age": 5184000,
            "ssl_hsts_include_subdomains": "disable",
            "ssl_http_location_conversion": "disable",
            "ssl_http_match_host": "enable",
            "ssl_max_version": "tls-1.3",
            "ssl_min_version": "tls-1.1",
            "ssl_mode": "half",
            "ssl_pfs": "require",
            "ssl_send_empty_frags": "enable",
            "ssl_server_algorithm": "client",
            "ssl_server_cipher_suites": [],
            "ssl_server_max_version": "client",
            "ssl_server_min_version": "client",
            "ssl_server_session_state_max": 100,
            "ssl_server_session_state_timeout": 60,
            "ssl_server_session_state_type": "both",
            "status": "enable",
            "type": "static-nat",
            "uuid": "7d1e4052-1fa0-51ed-3c7f-835ed5c69067",
            "vdomparam": null,
            "weblogic_server": "disable",
            "websphere_server": "disable"
          },
          "sensitive_attributes": [],
          "private": "bnVsbA==",
          "dependencies": [
            "data.google_compute_instance.fgt1",
            "data.google_secret_manager_secret_version.fgt-apikey",
            "data.terraform_remote_state.day0",
            "module.secure_inbound.data.fortios_system_interface.probe_lb",
            "module.secure_inbound.data.fortios_system_proberesponse.health_check",
            "module.secure_inbound.google_compute_address.inbound"
          ]
        }
      ]
    },
    {
      "module": "module.secure_inbound",
      "mode": "managed",
      "type": "fortios_firewallservice_custom",
      "name": "app",
      "provider": "provider[\"registry.terraform.io/fortinetdev/fortios\"]",
      "instances": [
        {
          "schema_version": 0,
          "attributes": {
            "app_category": [],
            "app_service_type": "disable",
            "application": [],
            "category": "",
            "check_reset_range": "default",
            "color": 0,
            "comment": "",
            "dynamic_sort_subtable": "false",
            "fabric_object": "disable",
            "fqdn": "",
            "helper": "auto",
            "icmpcode": 0,
            "icmptype": 0,
            "id": "bm-mantis-834748-service",
            "iprange": "0.0.0.0",
            "name": "bm-mantis-834748-service",
            "protocol": "TCP/UDP/SCTP",
            "protocol_number": 0,
            "proxy": "disable",
            "sctp_portrange": "",
            "session_ttl": 0,
            "tcp_halfclose_timer": 0,
            "tcp_halfopen_timer": 0,
            "tcp_portrange": "80",
            "tcp_rst_timer": 0,
            "tcp_timewait_timer": 0,
            "udp_idle_timer": 0,
            "udp_portrange": "",
            "vdomparam": null,
            "visibility": "enable"
          },
          "sensitive_attributes": [],
          "private": "bnVsbA==",
          "dependencies": [
            "data.google_compute_instance.fgt1",
            "data.google_secret_manager_secret_version.fgt-apikey",
            "data.terraform_remote_state.day0"
          ]
        }
      ]
    },
    {
      "module": "module.secure_inbound",
      "mode": "managed",
      "type": "fortios_firewallservice_custom",
      "name": "probe",
      "provider": "provider[\"registry.terraform.io/fortinetdev/fortios\"]",
      "instances": [
        {
          "schema_version": 0,
          "attributes": {
            "app_category": [],
            "app_service_type": "disable",
            "application": [],
            "category": "",
            "check_reset_range": "default",
            "color": 0,
            "comment": "",
            "dynamic_sort_subtable": "false",
            "fabric_object": "disable",
            "fqdn": "",
            "helper": "auto",
            "icmpcode": 0,
            "icmptype": 0,
            "id": "health_probe_srv",
            "iprange": "0.0.0.0",
            "name": "health_probe_srv",
            "protocol": "TCP/UDP/SCTP",
            "protocol_number": 0,
            "proxy": "disable",
            "sctp_portrange": "",
            "session_ttl": 0,
            "tcp_halfclose_timer": 0,
            "tcp_halfopen_timer": 0,
            "tcp_portrange": "8008",
            "tcp_rst_timer": 0,
            "tcp_timewait_timer": 0,
            "udp_idle_timer": 0,
            "udp_portrange": "",
            "vdomparam": null,
            "visibility": "enable"
          },
          "sensitive_attributes": [],
          "private": "bnVsbA==",
          "dependencies": [
            "data.google_compute_instance.fgt1",
            "data.google_secret_manager_secret_version.fgt-apikey",
            "data.terraform_remote_state.day0"
          ]
        }
      ]
    },
    {
      "module": "module.secure_inbound",
      "mode": "managed",
      "type": "google_compute_address",
      "name": "inbound",
      "provider": "provider[\"registry.terraform.io/hashicorp/google\"]",
      "instances": [
        {
          "schema_version": 0,
          "attributes": {
            "address": "35.194.39.190",
            "address_type": "EXTERNAL",
            "creation_timestamp": "2022-08-19T02:22:45.897-07:00",
            "description": "",
            "id": "projects/forti-emea-se/regions/us-central1/addresses/bm-mantis-834748-eip",
            "name": "bm-mantis-834748-eip",
            "network": "",
            "network_tier": "PREMIUM",
            "prefix_length": 0,
            "project": "forti-emea-se",
            "purpose": "",
            "region": "us-central1",
            "self_link": "https://www.googleapis.com/compute/v1/projects/forti-emea-se/regions/us-central1/addresses/bm-mantis-834748-eip",
            "subnetwork": "",
            "timeouts": null,
            "users": []
          },
          "sensitive_attributes": [],
          "private": "eyJlMmJmYjczMC1lY2FhLTExZTYtOGY4OC0zNDM2M2JjN2M0YzAiOnsiY3JlYXRlIjoxMjAwMDAwMDAwMDAwLCJkZWxldGUiOjEyMDAwMDAwMDAwMDB9fQ==",
          "dependencies": [
            "data.terraform_remote_state.day0"
          ]
        }
      ]
    },
    {
      "module": "module.secure_inbound",
      "mode": "managed",
      "type": "google_compute_forwarding_rule",
      "name": "inbound",
      "provider": "provider[\"registry.terraform.io/hashicorp/google\"]",
      "instances": [
        {
          "schema_version": 0,
          "attributes": {
            "all_ports": false,
            "allow_global_access": false,
            "backend_service": "https://www.googleapis.com/compute/v1/projects/forti-emea-se/regions/us-central1/backendServices/bm-mantis834748-bes-elb-us-central1",
            "creation_timestamp": "2022-08-19T02:22:48.413-07:00",
            "description": "",
            "id": "projects/forti-emea-se/regions/us-central1/forwardingRules/bm-mantis-834748-frule-tcp80",
            "ip_address": "35.194.39.190",
            "ip_protocol": "TCP",
            "is_mirroring_collector": false,
            "label_fingerprint": "42WmSpB8rSM=",
            "labels": null,
            "load_balancing_scheme": "EXTERNAL",
            "name": "bm-mantis-834748-frule-tcp80",
            "network": "",
            "network_tier": "PREMIUM",
            "port_range": "",
            "ports": [
              "80"
            ],
            "project": "forti-emea-se",
            "psc_connection_id": "",
            "psc_connection_status": "",
            "region": "us-central1",
            "self_link": "https://www.googleapis.com/compute/v1/projects/forti-emea-se/regions/us-central1/forwardingRules/bm-mantis-834748-frule-tcp80",
            "service_directory_registrations": [],
            "service_label": "",
            "service_name": "",
            "subnetwork": "",
            "target": "",
            "timeouts": null
          },
          "sensitive_attributes": [],
          "private": "eyJlMmJmYjczMC1lY2FhLTExZTYtOGY4OC0zNDM2M2JjN2M0YzAiOnsiY3JlYXRlIjoxMjAwMDAwMDAwMDAwLCJkZWxldGUiOjEyMDAwMDAwMDAwMDAsInVwZGF0ZSI6MTIwMDAwMDAwMDAwMH19",
          "dependencies": [
            "data.terraform_remote_state.day0",
            "module.secure_inbound.google_compute_address.inbound"
          ]
        }
      ]
    }
  ]
}
