{
  "version": 4,
  "terraform_version": "1.2.5",
  "serial": 535,
  "lineage": "0c90cd53-3d39-0f89-334b-864e98518e9e",
  "outputs": {
    "default_password": {
      "value": "1797206279074278895",
      "type": "string"
    },
    "elb_bes": {
      "value": "https://www.googleapis.com/compute/v1/projects/forti-emea-se/regions/us-central1/backendServices/bm-mantis834748-bes-elb-us-central1",
      "type": "string"
    },
    "fgt_self_links": {
      "value": [
        "https://www.googleapis.com/compute/v1/projects/forti-emea-se/zones/us-central1-a/instances/bm-mantis834748-vm1-us-central1-a",
        "https://www.googleapis.com/compute/v1/projects/forti-emea-se/zones/us-central1-b/instances/bm-mantis834748-vm2-us-central1-b"
      ],
      "type": [
        "tuple",
        [
          "string",
          "string"
        ]
      ]
    },
    "internal_subnet": {
      "value": "https://www.googleapis.com/compute/v1/projects/forti-emea-se/regions/us-central1/subnetworks/bm-mantis834748-internal-sb",
      "type": "string"
    },
    "prefix": {
      "value": "bm-mantis834748",
      "type": "string"
    },
    "primary_fgt_mgmt_ip": {
      "value": "https://35.193.3.8",
      "type": "string"
    },
    "region": {
      "value": "us-central1",
      "type": "string"
    }
  },
  "resources": [
    {
      "mode": "data",
      "type": "google_service_account",
      "name": "fgt",
      "provider": "provider[\"registry.terraform.io/hashicorp/google\"]",
      "instances": [
        {
          "schema_version": 0,
          "attributes": {
            "account_id": "fortigatesdn-ro",
            "display_name": "FortiGate SDN Connector",
            "email": "fortigatesdn-ro@forti-emea-se.iam.gserviceaccount.com",
            "id": "projects/forti-emea-se/serviceAccounts/fortigatesdn-ro@forti-emea-se.iam.gserviceaccount.com",
            "name": "projects/forti-emea-se/serviceAccounts/fortigatesdn-ro@forti-emea-se.iam.gserviceaccount.com",
            "project": "forti-emea-se",
            "unique_id": "117921147894237316012"
          },
          "sensitive_attributes": []
        }
      ]
    },
    {
      "mode": "data",
      "type": "http",
      "name": "my_ip",
      "provider": "provider[\"registry.terraform.io/hashicorp/http\"]",
      "instances": [
        {
          "schema_version": 0,
          "attributes": {
            "body": "35.189.204.201",
            "id": "http://api.ipify.org",
            "request_headers": null,
            "response_body": "35.189.204.201",
            "response_headers": {
              "Connection": "keep-alive",
              "Content-Length": "14",
              "Content-Type": "text/plain",
              "Date": "Fri, 19 Aug 2022 09:07:08 GMT",
              "Server": "Cowboy",
              "Vary": "Origin",
              "Via": "1.1 vegur"
            },
            "status_code": 200,
            "url": "http://api.ipify.org"
          },
          "sensitive_attributes": []
        }
      ]
    },
    {
      "module": "module.fortigates",
      "mode": "data",
      "type": "google_compute_default_service_account",
      "name": "default",
      "provider": "provider[\"registry.terraform.io/hashicorp/google\"]",
      "instances": [
        {
          "schema_version": 0,
          "attributes": {
            "display_name": "Compute Engine default service account",
            "email": "193919212754-compute@developer.gserviceaccount.com",
            "id": "projects/forti-emea-se/serviceAccounts/193919212754-compute@developer.gserviceaccount.com",
            "name": "projects/forti-emea-se/serviceAccounts/193919212754-compute@developer.gserviceaccount.com",
            "project": "forti-emea-se",
            "unique_id": "104881367860258575259"
          },
          "sensitive_attributes": []
        }
      ]
    },
    {
      "module": "module.fortigates",
      "mode": "data",
      "type": "google_compute_image",
      "name": "fgt_image",
      "provider": "provider[\"registry.terraform.io/hashicorp/google\"]",
      "instances": [
        {
          "schema_version": 0,
          "attributes": {
            "archive_size_bytes": 200571840,
            "creation_timestamp": "2022-06-22T14:08:31.494-07:00",
            "description": "fgt706",
            "disk_size_gb": 10,
            "family": "fortigate-70-byol",
            "filter": null,
            "id": "projects/fortigcp-project-001/global/images/fortinet-fgt-706-20220622-001-w-license",
            "image_encryption_key_sha256": "",
            "image_id": "4936411177230940704",
            "label_fingerprint": "42WmSpB8rSM=",
            "labels": {},
            "licenses": [
              "https://www.googleapis.com/compute/v1/projects/fortigcp-project-001/global/licenses/fortigate"
            ],
            "name": "fortinet-fgt-706-20220622-001-w-license",
            "project": "fortigcp-project-001",
            "self_link": "https://www.googleapis.com/compute/v1/projects/fortigcp-project-001/global/images/fortinet-fgt-706-20220622-001-w-license",
            "source_disk": "https://www.googleapis.com/compute/v1/projects/dev-project-001-166400/zones/us-central1-f/disks/keithchoi-fgt-706-marketplace-001",
            "source_disk_encryption_key_sha256": "",
            "source_disk_id": "2623510669166524973",
            "source_image_id": "",
            "status": "READY"
          },
          "sensitive_attributes": []
        }
      ]
    },
    {
      "module": "module.fortigates",
      "mode": "data",
      "type": "google_compute_subnetwork",
      "name": "subnets",
      "provider": "provider[\"registry.terraform.io/hashicorp/google\"]",
      "instances": [
        {
          "index_key": 0,
          "schema_version": 0,
          "attributes": {
            "description": "",
            "gateway_address": "172.20.0.1",
            "id": "projects/forti-emea-se/regions/us-central1/subnetworks/bm-mantis834748-external-sb",
            "ip_cidr_range": "172.20.0.0/24",
            "name": "bm-mantis834748-external-sb",
            "network": "https://www.googleapis.com/compute/v1/projects/forti-emea-se/global/networks/bm-mantis834748-external-vpc",
            "private_ip_google_access": false,
            "project": "forti-emea-se",
            "region": "us-central1",
            "secondary_ip_range": [],
            "self_link": "https://www.googleapis.com/compute/v1/projects/forti-emea-se/regions/us-central1/subnetworks/bm-mantis834748-external-sb"
          },
          "sensitive_attributes": []
        },
        {
          "index_key": 1,
          "schema_version": 0,
          "attributes": {
            "description": "",
            "gateway_address": "172.20.1.1",
            "id": "projects/forti-emea-se/regions/us-central1/subnetworks/bm-mantis834748-internal-sb",
            "ip_cidr_range": "172.20.1.0/24",
            "name": "bm-mantis834748-internal-sb",
            "network": "https://www.googleapis.com/compute/v1/projects/forti-emea-se/global/networks/bm-mantis834748-internal-vpc",
            "private_ip_google_access": false,
            "project": "forti-emea-se",
            "region": "us-central1",
            "secondary_ip_range": [],
            "self_link": "https://www.googleapis.com/compute/v1/projects/forti-emea-se/regions/us-central1/subnetworks/bm-mantis834748-internal-sb"
          },
          "sensitive_attributes": []
        },
        {
          "index_key": 2,
          "schema_version": 0,
          "attributes": {
            "description": "",
            "gateway_address": "172.20.2.1",
            "id": "projects/forti-emea-se/regions/us-central1/subnetworks/bm-mantis834748-hasync-sb",
            "ip_cidr_range": "172.20.2.0/24",
            "name": "bm-mantis834748-hasync-sb",
            "network": "https://www.googleapis.com/compute/v1/projects/forti-emea-se/global/networks/bm-mantis834748-hasync-vpc",
            "private_ip_google_access": false,
            "project": "forti-emea-se",
            "region": "us-central1",
            "secondary_ip_range": [],
            "self_link": "https://www.googleapis.com/compute/v1/projects/forti-emea-se/regions/us-central1/subnetworks/bm-mantis834748-hasync-sb"
          },
          "sensitive_attributes": []
        },
        {
          "index_key": 3,
          "schema_version": 0,
          "attributes": {
            "description": "",
            "gateway_address": "172.20.3.1",
            "id": "projects/forti-emea-se/regions/us-central1/subnetworks/bm-mantis834748-mgmt-sb",
            "ip_cidr_range": "172.20.3.0/24",
            "name": "bm-mantis834748-mgmt-sb",
            "network": "https://www.googleapis.com/compute/v1/projects/forti-emea-se/global/networks/bm-mantis834748-mgmt-vpc",
            "private_ip_google_access": false,
            "project": "forti-emea-se",
            "region": "us-central1",
            "secondary_ip_range": [],
            "self_link": "https://www.googleapis.com/compute/v1/projects/forti-emea-se/regions/us-central1/subnetworks/bm-mantis834748-mgmt-sb"
          },
          "sensitive_attributes": []
        }
      ]
    },
    {
      "module": "module.fortigates",
      "mode": "data",
      "type": "google_compute_zones",
      "name": "zones_in_region",
      "provider": "provider[\"registry.terraform.io/hashicorp/google\"]",
      "instances": [
        {
          "schema_version": 0,
          "attributes": {
            "id": "projects/forti-emea-se/regions/us-central1",
            "names": [
              "us-central1-a",
              "us-central1-b",
              "us-central1-c",
              "us-central1-f"
            ],
            "project": "forti-emea-se",
            "region": "us-central1",
            "status": null
          },
          "sensitive_attributes": []
        }
      ]
    },
    {
      "module": "module.fortigates",
      "mode": "managed",
      "type": "google_compute_address",
      "name": "ext_priv",
      "provider": "provider[\"registry.terraform.io/hashicorp/google\"]",
      "instances": [
        {
          "index_key": 0,
          "schema_version": 0,
          "attributes": {
            "address": "172.20.0.3",
            "address_type": "INTERNAL",
            "creation_timestamp": "2022-08-19T02:07:52.624-07:00",
            "description": "",
            "id": "projects/forti-emea-se/regions/us-central1/addresses/bm-mantis834748-ip1-untrust-us-central1",
            "name": "bm-mantis834748-ip1-untrust-us-central1",
            "network": "",
            "network_tier": "PREMIUM",
            "prefix_length": 0,
            "project": "forti-emea-se",
            "purpose": "GCE_ENDPOINT",
            "region": "us-central1",
            "self_link": "https://www.googleapis.com/compute/v1/projects/forti-emea-se/regions/us-central1/addresses/bm-mantis834748-ip1-untrust-us-central1",
            "subnetwork": "https://www.googleapis.com/compute/v1/projects/forti-emea-se/regions/us-central1/subnetworks/bm-mantis834748-external-sb",
            "timeouts": null,
            "users": []
          },
          "sensitive_attributes": [],
          "private": "eyJlMmJmYjczMC1lY2FhLTExZTYtOGY4OC0zNDM2M2JjN2M0YzAiOnsiY3JlYXRlIjoxMjAwMDAwMDAwMDAwLCJkZWxldGUiOjEyMDAwMDAwMDAwMDB9fQ==",
          "dependencies": [
            "module.fortigates.data.google_compute_subnetwork.subnets",
            "module.sample_networks.google_compute_network.vpcs",
            "module.sample_networks.google_compute_subnetwork.subnets"
          ]
        },
        {
          "index_key": 1,
          "schema_version": 0,
          "attributes": {
            "address": "172.20.0.2",
            "address_type": "INTERNAL",
            "creation_timestamp": "2022-08-19T02:07:52.490-07:00",
            "description": "",
            "id": "projects/forti-emea-se/regions/us-central1/addresses/bm-mantis834748-ip2-untrust-us-central1",
            "name": "bm-mantis834748-ip2-untrust-us-central1",
            "network": "",
            "network_tier": "PREMIUM",
            "prefix_length": 0,
            "project": "forti-emea-se",
            "purpose": "GCE_ENDPOINT",
            "region": "us-central1",
            "self_link": "https://www.googleapis.com/compute/v1/projects/forti-emea-se/regions/us-central1/addresses/bm-mantis834748-ip2-untrust-us-central1",
            "subnetwork": "https://www.googleapis.com/compute/v1/projects/forti-emea-se/regions/us-central1/subnetworks/bm-mantis834748-external-sb",
            "timeouts": null,
            "users": []
          },
          "sensitive_attributes": [],
          "private": "eyJlMmJmYjczMC1lY2FhLTExZTYtOGY4OC0zNDM2M2JjN2M0YzAiOnsiY3JlYXRlIjoxMjAwMDAwMDAwMDAwLCJkZWxldGUiOjEyMDAwMDAwMDAwMDB9fQ==",
          "dependencies": [
            "module.fortigates.data.google_compute_subnetwork.subnets",
            "module.sample_networks.google_compute_network.vpcs",
            "module.sample_networks.google_compute_subnetwork.subnets"
          ]
        }
      ]
    },
    {
      "module": "module.fortigates",
      "mode": "managed",
      "type": "google_compute_address",
      "name": "hasync_priv",
      "provider": "provider[\"registry.terraform.io/hashicorp/google\"]",
      "instances": [
        {
          "index_key": 0,
          "schema_version": 0,
          "attributes": {
            "address": "172.20.2.2",
            "address_type": "INTERNAL",
            "creation_timestamp": "2022-08-19T02:07:53.688-07:00",
            "description": "",
            "id": "projects/forti-emea-se/regions/us-central1/addresses/bm-mantis834748-ip1-hasync-us-central1",
            "name": "bm-mantis834748-ip1-hasync-us-central1",
            "network": "",
            "network_tier": "PREMIUM",
            "prefix_length": 0,
            "project": "forti-emea-se",
            "purpose": "GCE_ENDPOINT",
            "region": "us-central1",
            "self_link": "https://www.googleapis.com/compute/v1/projects/forti-emea-se/regions/us-central1/addresses/bm-mantis834748-ip1-hasync-us-central1",
            "subnetwork": "https://www.googleapis.com/compute/v1/projects/forti-emea-se/regions/us-central1/subnetworks/bm-mantis834748-hasync-sb",
            "timeouts": null,
            "users": []
          },
          "sensitive_attributes": [],
          "private": "eyJlMmJmYjczMC1lY2FhLTExZTYtOGY4OC0zNDM2M2JjN2M0YzAiOnsiY3JlYXRlIjoxMjAwMDAwMDAwMDAwLCJkZWxldGUiOjEyMDAwMDAwMDAwMDB9fQ==",
          "dependencies": [
            "module.fortigates.data.google_compute_subnetwork.subnets",
            "module.sample_networks.google_compute_network.vpcs",
            "module.sample_networks.google_compute_subnetwork.subnets"
          ]
        },
        {
          "index_key": 1,
          "schema_version": 0,
          "attributes": {
            "address": "172.20.2.3",
            "address_type": "INTERNAL",
            "creation_timestamp": "2022-08-19T02:07:55.888-07:00",
            "description": "",
            "id": "projects/forti-emea-se/regions/us-central1/addresses/bm-mantis834748-ip2-hasync-us-central1",
            "name": "bm-mantis834748-ip2-hasync-us-central1",
            "network": "",
            "network_tier": "PREMIUM",
            "prefix_length": 0,
            "project": "forti-emea-se",
            "purpose": "GCE_ENDPOINT",
            "region": "us-central1",
            "self_link": "https://www.googleapis.com/compute/v1/projects/forti-emea-se/regions/us-central1/addresses/bm-mantis834748-ip2-hasync-us-central1",
            "subnetwork": "https://www.googleapis.com/compute/v1/projects/forti-emea-se/regions/us-central1/subnetworks/bm-mantis834748-hasync-sb",
            "timeouts": null,
            "users": []
          },
          "sensitive_attributes": [],
          "private": "eyJlMmJmYjczMC1lY2FhLTExZTYtOGY4OC0zNDM2M2JjN2M0YzAiOnsiY3JlYXRlIjoxMjAwMDAwMDAwMDAwLCJkZWxldGUiOjEyMDAwMDAwMDAwMDB9fQ==",
          "dependencies": [
            "module.fortigates.data.google_compute_subnetwork.subnets",
            "module.sample_networks.google_compute_network.vpcs",
            "module.sample_networks.google_compute_subnetwork.subnets"
          ]
        }
      ]
    },
    {
      "module": "module.fortigates",
      "mode": "managed",
      "type": "google_compute_address",
      "name": "ilb",
      "provider": "provider[\"registry.terraform.io/hashicorp/google\"]",
      "instances": [
        {
          "schema_version": 0,
          "attributes": {
            "address": "172.20.1.3",
            "address_type": "INTERNAL",
            "creation_timestamp": "2022-08-19T02:07:53.388-07:00",
            "description": "",
            "id": "projects/forti-emea-se/regions/us-central1/addresses/bm-mantis834748-ip-ilb-trust-us-central1",
            "name": "bm-mantis834748-ip-ilb-trust-us-central1",
            "network": "",
            "network_tier": "PREMIUM",
            "prefix_length": 0,
            "project": "forti-emea-se",
            "purpose": "GCE_ENDPOINT",
            "region": "us-central1",
            "self_link": "https://www.googleapis.com/compute/v1/projects/forti-emea-se/regions/us-central1/addresses/bm-mantis834748-ip-ilb-trust-us-central1",
            "subnetwork": "https://www.googleapis.com/compute/v1/projects/forti-emea-se/regions/us-central1/subnetworks/bm-mantis834748-internal-sb",
            "timeouts": null,
            "users": []
          },
          "sensitive_attributes": [],
          "private": "eyJlMmJmYjczMC1lY2FhLTExZTYtOGY4OC0zNDM2M2JjN2M0YzAiOnsiY3JlYXRlIjoxMjAwMDAwMDAwMDAwLCJkZWxldGUiOjEyMDAwMDAwMDAwMDB9fQ==",
          "dependencies": [
            "module.fortigates.data.google_compute_subnetwork.subnets",
            "module.sample_networks.google_compute_network.vpcs",
            "module.sample_networks.google_compute_subnetwork.subnets"
          ]
        }
      ]
    },
    {
      "module": "module.fortigates",
      "mode": "managed",
      "type": "google_compute_address",
      "name": "int_priv",
      "provider": "provider[\"registry.terraform.io/hashicorp/google\"]",
      "instances": [
        {
          "index_key": 0,
          "schema_version": 0,
          "attributes": {
            "address": "172.20.1.4",
            "address_type": "INTERNAL",
            "creation_timestamp": "2022-08-19T02:07:53.511-07:00",
            "description": "",
            "id": "projects/forti-emea-se/regions/us-central1/addresses/bm-mantis834748-ip1-trust-us-central1",
            "name": "bm-mantis834748-ip1-trust-us-central1",
            "network": "",
            "network_tier": "PREMIUM",
            "prefix_length": 0,
            "project": "forti-emea-se",
            "purpose": "GCE_ENDPOINT",
            "region": "us-central1",
            "self_link": "https://www.googleapis.com/compute/v1/projects/forti-emea-se/regions/us-central1/addresses/bm-mantis834748-ip1-trust-us-central1",
            "subnetwork": "https://www.googleapis.com/compute/v1/projects/forti-emea-se/regions/us-central1/subnetworks/bm-mantis834748-internal-sb",
            "timeouts": null,
            "users": []
          },
          "sensitive_attributes": [],
          "private": "eyJlMmJmYjczMC1lY2FhLTExZTYtOGY4OC0zNDM2M2JjN2M0YzAiOnsiY3JlYXRlIjoxMjAwMDAwMDAwMDAwLCJkZWxldGUiOjEyMDAwMDAwMDAwMDB9fQ==",
          "dependencies": [
            "module.fortigates.data.google_compute_subnetwork.subnets",
            "module.sample_networks.google_compute_network.vpcs",
            "module.sample_networks.google_compute_subnetwork.subnets"
          ]
        },
        {
          "index_key": 1,
          "schema_version": 0,
          "attributes": {
            "address": "172.20.1.2",
            "address_type": "INTERNAL",
            "creation_timestamp": "2022-08-19T02:07:53.101-07:00",
            "description": "",
            "id": "projects/forti-emea-se/regions/us-central1/addresses/bm-mantis834748-ip2-trust-us-central1",
            "name": "bm-mantis834748-ip2-trust-us-central1",
            "network": "",
            "network_tier": "PREMIUM",
            "prefix_length": 0,
            "project": "forti-emea-se",
            "purpose": "GCE_ENDPOINT",
            "region": "us-central1",
            "self_link": "https://www.googleapis.com/compute/v1/projects/forti-emea-se/regions/us-central1/addresses/bm-mantis834748-ip2-trust-us-central1",
            "subnetwork": "https://www.googleapis.com/compute/v1/projects/forti-emea-se/regions/us-central1/subnetworks/bm-mantis834748-internal-sb",
            "timeouts": null,
            "users": []
          },
          "sensitive_attributes": [],
          "private": "eyJlMmJmYjczMC1lY2FhLTExZTYtOGY4OC0zNDM2M2JjN2M0YzAiOnsiY3JlYXRlIjoxMjAwMDAwMDAwMDAwLCJkZWxldGUiOjEyMDAwMDAwMDAwMDB9fQ==",
          "dependencies": [
            "module.fortigates.data.google_compute_subnetwork.subnets",
            "module.sample_networks.google_compute_network.vpcs",
            "module.sample_networks.google_compute_subnetwork.subnets"
          ]
        }
      ]
    },
    {
      "module": "module.fortigates",
      "mode": "managed",
      "type": "google_compute_address",
      "name": "mgmt_priv",
      "provider": "provider[\"registry.terraform.io/hashicorp/google\"]",
      "instances": [
        {
          "index_key": 0,
          "schema_version": 0,
          "attributes": {
            "address": "172.20.3.3",
            "address_type": "INTERNAL",
            "creation_timestamp": "2022-08-19T02:08:04.283-07:00",
            "description": "",
            "id": "projects/forti-emea-se/regions/us-central1/addresses/bm-mantis834748-ip1-mgmt-us-central1",
            "name": "bm-mantis834748-ip1-mgmt-us-central1",
            "network": "",
            "network_tier": "PREMIUM",
            "prefix_length": 0,
            "project": "forti-emea-se",
            "purpose": "GCE_ENDPOINT",
            "region": "us-central1",
            "self_link": "https://www.googleapis.com/compute/v1/projects/forti-emea-se/regions/us-central1/addresses/bm-mantis834748-ip1-mgmt-us-central1",
            "subnetwork": "https://www.googleapis.com/compute/v1/projects/forti-emea-se/regions/us-central1/subnetworks/bm-mantis834748-mgmt-sb",
            "timeouts": null,
            "users": []
          },
          "sensitive_attributes": [],
          "private": "eyJlMmJmYjczMC1lY2FhLTExZTYtOGY4OC0zNDM2M2JjN2M0YzAiOnsiY3JlYXRlIjoxMjAwMDAwMDAwMDAwLCJkZWxldGUiOjEyMDAwMDAwMDAwMDB9fQ==",
          "dependencies": [
            "module.fortigates.data.google_compute_subnetwork.subnets",
            "module.sample_networks.google_compute_network.vpcs",
            "module.sample_networks.google_compute_subnetwork.subnets"
          ]
        },
        {
          "index_key": 1,
          "schema_version": 0,
          "attributes": {
            "address": "172.20.3.2",
            "address_type": "INTERNAL",
            "creation_timestamp": "2022-08-19T02:08:04.306-07:00",
            "description": "",
            "id": "projects/forti-emea-se/regions/us-central1/addresses/bm-mantis834748-ip2-mgmt-us-central1",
            "name": "bm-mantis834748-ip2-mgmt-us-central1",
            "network": "",
            "network_tier": "PREMIUM",
            "prefix_length": 0,
            "project": "forti-emea-se",
            "purpose": "GCE_ENDPOINT",
            "region": "us-central1",
            "self_link": "https://www.googleapis.com/compute/v1/projects/forti-emea-se/regions/us-central1/addresses/bm-mantis834748-ip2-mgmt-us-central1",
            "subnetwork": "https://www.googleapis.com/compute/v1/projects/forti-emea-se/regions/us-central1/subnetworks/bm-mantis834748-mgmt-sb",
            "timeouts": null,
            "users": []
          },
          "sensitive_attributes": [],
          "private": "eyJlMmJmYjczMC1lY2FhLTExZTYtOGY4OC0zNDM2M2JjN2M0YzAiOnsiY3JlYXRlIjoxMjAwMDAwMDAwMDAwLCJkZWxldGUiOjEyMDAwMDAwMDAwMDB9fQ==",
          "dependencies": [
            "module.fortigates.data.google_compute_subnetwork.subnets",
            "module.sample_networks.google_compute_network.vpcs",
            "module.sample_networks.google_compute_subnetwork.subnets"
          ]
        }
      ]
    },
    {
      "module": "module.fortigates",
      "mode": "managed",
      "type": "google_compute_address",
      "name": "mgmt_pub",
      "provider": "provider[\"registry.terraform.io/hashicorp/google\"]",
      "instances": [
        {
          "index_key": 0,
          "schema_version": 0,
          "attributes": {
            "address": "35.193.3.8",
            "address_type": "EXTERNAL",
            "creation_timestamp": "2022-08-19T02:07:52.209-07:00",
            "description": "",
            "id": "projects/forti-emea-se/regions/us-central1/addresses/bm-mantis834748-eip1-mgmt-us-central1",
            "name": "bm-mantis834748-eip1-mgmt-us-central1",
            "network": "",
            "network_tier": "PREMIUM",
            "prefix_length": 0,
            "project": "forti-emea-se",
            "purpose": "",
            "region": "us-central1",
            "self_link": "https://www.googleapis.com/compute/v1/projects/forti-emea-se/regions/us-central1/addresses/bm-mantis834748-eip1-mgmt-us-central1",
            "subnetwork": "",
            "timeouts": null,
            "users": []
          },
          "sensitive_attributes": [],
          "private": "eyJlMmJmYjczMC1lY2FhLTExZTYtOGY4OC0zNDM2M2JjN2M0YzAiOnsiY3JlYXRlIjoxMjAwMDAwMDAwMDAwLCJkZWxldGUiOjEyMDAwMDAwMDAwMDB9fQ==",
          "dependencies": [
            "module.sample_networks.google_compute_network.vpcs",
            "module.sample_networks.google_compute_subnetwork.subnets"
          ]
        },
        {
          "index_key": 1,
          "schema_version": 0,
          "attributes": {
            "address": "34.72.161.73",
            "address_type": "EXTERNAL",
            "creation_timestamp": "2022-08-19T02:07:52.096-07:00",
            "description": "",
            "id": "projects/forti-emea-se/regions/us-central1/addresses/bm-mantis834748-eip2-mgmt-us-central1",
            "name": "bm-mantis834748-eip2-mgmt-us-central1",
            "network": "",
            "network_tier": "PREMIUM",
            "prefix_length": 0,
            "project": "forti-emea-se",
            "purpose": "",
            "region": "us-central1",
            "self_link": "https://www.googleapis.com/compute/v1/projects/forti-emea-se/regions/us-central1/addresses/bm-mantis834748-eip2-mgmt-us-central1",
            "subnetwork": "",
            "timeouts": null,
            "users": []
          },
          "sensitive_attributes": [],
          "private": "eyJlMmJmYjczMC1lY2FhLTExZTYtOGY4OC0zNDM2M2JjN2M0YzAiOnsiY3JlYXRlIjoxMjAwMDAwMDAwMDAwLCJkZWxldGUiOjEyMDAwMDAwMDAwMDB9fQ==",
          "dependencies": [
            "module.sample_networks.google_compute_network.vpcs",
            "module.sample_networks.google_compute_subnetwork.subnets"
          ]
        }
      ]
    },
    {
      "module": "module.fortigates",
      "mode": "managed",
      "type": "google_compute_disk",
      "name": "logdisk",
      "provider": "provider[\"registry.terraform.io/hashicorp/google\"]",
      "instances": [
        {
          "index_key": 0,
          "schema_version": 0,
          "attributes": {
            "creation_timestamp": "2022-08-19T02:08:04.814-07:00",
            "description": "",
            "disk_encryption_key": [],
            "id": "projects/forti-emea-se/zones/us-central1-a/disks/bm-mantis834748-disk-logdisk1-us-central1-a",
            "image": "",
            "label_fingerprint": "42WmSpB8rSM=",
            "labels": null,
            "last_attach_timestamp": "",
            "last_detach_timestamp": "",
            "name": "bm-mantis834748-disk-logdisk1-us-central1-a",
            "physical_block_size_bytes": 4096,
            "project": "forti-emea-se",
            "provisioned_iops": 0,
            "self_link": "https://www.googleapis.com/compute/v1/projects/forti-emea-se/zones/us-central1-a/disks/bm-mantis834748-disk-logdisk1-us-central1-a",
            "size": 30,
            "snapshot": "",
            "source_image_encryption_key": [],
            "source_image_id": "",
            "source_snapshot_encryption_key": [],
            "source_snapshot_id": "",
            "timeouts": null,
            "type": "pd-ssd",
            "users": [],
            "zone": "us-central1-a"
          },
          "sensitive_attributes": [],
          "private": "eyJlMmJmYjczMC1lY2FhLTExZTYtOGY4OC0zNDM2M2JjN2M0YzAiOnsiY3JlYXRlIjoxMjAwMDAwMDAwMDAwLCJkZWxldGUiOjEyMDAwMDAwMDAwMDAsInVwZGF0ZSI6MTIwMDAwMDAwMDAwMH19",
          "dependencies": [
            "module.fortigates.data.google_compute_zones.zones_in_region",
            "module.sample_networks.google_compute_network.vpcs",
            "module.sample_networks.google_compute_subnetwork.subnets"
          ]
        },
        {
          "index_key": 1,
          "schema_version": 0,
          "attributes": {
            "creation_timestamp": "2022-08-19T02:08:04.768-07:00",
            "description": "",
            "disk_encryption_key": [],
            "id": "projects/forti-emea-se/zones/us-central1-b/disks/bm-mantis834748-disk-logdisk2-us-central1-b",
            "image": "",
            "label_fingerprint": "42WmSpB8rSM=",
            "labels": null,
            "last_attach_timestamp": "",
            "last_detach_timestamp": "",
            "name": "bm-mantis834748-disk-logdisk2-us-central1-b",
            "physical_block_size_bytes": 4096,
            "project": "forti-emea-se",
            "provisioned_iops": 0,
            "self_link": "https://www.googleapis.com/compute/v1/projects/forti-emea-se/zones/us-central1-b/disks/bm-mantis834748-disk-logdisk2-us-central1-b",
            "size": 30,
            "snapshot": "",
            "source_image_encryption_key": [],
            "source_image_id": "",
            "source_snapshot_encryption_key": [],
            "source_snapshot_id": "",
            "timeouts": null,
            "type": "pd-ssd",
            "users": [],
            "zone": "us-central1-b"
          },
          "sensitive_attributes": [],
          "private": "eyJlMmJmYjczMC1lY2FhLTExZTYtOGY4OC0zNDM2M2JjN2M0YzAiOnsiY3JlYXRlIjoxMjAwMDAwMDAwMDAwLCJkZWxldGUiOjEyMDAwMDAwMDAwMDAsInVwZGF0ZSI6MTIwMDAwMDAwMDAwMH19",
          "dependencies": [
            "module.fortigates.data.google_compute_zones.zones_in_region",
            "module.sample_networks.google_compute_network.vpcs",
            "module.sample_networks.google_compute_subnetwork.subnets"
          ]
        }
      ]
    },
    {
      "module": "module.fortigates",
      "mode": "managed",
      "type": "google_compute_firewall",
      "name": "allow-hasync",
      "provider": "provider[\"registry.terraform.io/hashicorp/google\"]",
      "instances": [
        {
          "schema_version": 1,
          "attributes": {
            "allow": [
              {
                "ports": [],
                "protocol": "all"
              }
            ],
            "creation_timestamp": "2022-08-19T02:07:53.666-07:00",
            "deny": [],
            "description": "",
            "destination_ranges": [],
            "direction": "INGRESS",
            "disabled": false,
            "enable_logging": null,
            "id": "projects/forti-emea-se/global/firewalls/bm-mantis834748-fw-hasync-allow-fgt",
            "log_config": [],
            "name": "bm-mantis834748-fw-hasync-allow-fgt",
            "network": "https://www.googleapis.com/compute/v1/projects/forti-emea-se/global/networks/bm-mantis834748-hasync-vpc",
            "priority": 1000,
            "project": "forti-emea-se",
            "self_link": "https://www.googleapis.com/compute/v1/projects/forti-emea-se/global/firewalls/bm-mantis834748-fw-hasync-allow-fgt",
            "source_ranges": null,
            "source_service_accounts": null,
            "source_tags": [
              "fgt"
            ],
            "target_service_accounts": null,
            "target_tags": [
              "fgt"
            ],
            "timeouts": null
          },
          "sensitive_attributes": [],
          "private": "eyJlMmJmYjczMC1lY2FhLTExZTYtOGY4OC0zNDM2M2JjN2M0YzAiOnsiY3JlYXRlIjoxMjAwMDAwMDAwMDAwLCJkZWxldGUiOjEyMDAwMDAwMDAwMDAsInVwZGF0ZSI6MTIwMDAwMDAwMDAwMH0sInNjaGVtYV92ZXJzaW9uIjoiMSJ9",
          "dependencies": [
            "module.fortigates.data.google_compute_subnetwork.subnets",
            "module.sample_networks.google_compute_network.vpcs",
            "module.sample_networks.google_compute_subnetwork.subnets"
          ]
        }
      ]
    },
    {
      "module": "module.fortigates",
      "mode": "managed",
      "type": "google_compute_firewall",
      "name": "allow-mgmt",
      "provider": "provider[\"registry.terraform.io/hashicorp/google\"]",
      "instances": [
        {
          "schema_version": 1,
          "attributes": {
            "allow": [
              {
                "ports": [],
                "protocol": "all"
              }
            ],
            "creation_timestamp": "2022-08-19T02:08:04.204-07:00",
            "deny": [],
            "description": "",
            "destination_ranges": [],
            "direction": "INGRESS",
            "disabled": false,
            "enable_logging": null,
            "id": "projects/forti-emea-se/global/firewalls/bm-mantis834748-fw-mgmt-allow-admin",
            "log_config": [],
            "name": "bm-mantis834748-fw-mgmt-allow-admin",
            "network": "https://www.googleapis.com/compute/v1/projects/forti-emea-se/global/networks/bm-mantis834748-mgmt-vpc",
            "priority": 1000,
            "project": "forti-emea-se",
            "self_link": "https://www.googleapis.com/compute/v1/projects/forti-emea-se/global/firewalls/bm-mantis834748-fw-mgmt-allow-admin",
            "source_ranges": [
              "0.0.0.0/0"
            ],
            "source_service_accounts": null,
            "source_tags": null,
            "target_service_accounts": null,
            "target_tags": [
              "fgt"
            ],
            "timeouts": null
          },
          "sensitive_attributes": [],
          "private": "eyJlMmJmYjczMC1lY2FhLTExZTYtOGY4OC0zNDM2M2JjN2M0YzAiOnsiY3JlYXRlIjoxMjAwMDAwMDAwMDAwLCJkZWxldGUiOjEyMDAwMDAwMDAwMDAsInVwZGF0ZSI6MTIwMDAwMDAwMDAwMH0sInNjaGVtYV92ZXJzaW9uIjoiMSJ9",
          "dependencies": [
            "module.fortigates.data.google_compute_subnetwork.subnets",
            "module.sample_networks.google_compute_network.vpcs",
            "module.sample_networks.google_compute_subnetwork.subnets"
          ]
        }
      ]
    },
    {
      "module": "module.fortigates",
      "mode": "managed",
      "type": "google_compute_firewall",
      "name": "allow-port1",
      "provider": "provider[\"registry.terraform.io/hashicorp/google\"]",
      "instances": [
        {
          "schema_version": 1,
          "attributes": {
            "allow": [
              {
                "ports": [],
                "protocol": "all"
              }
            ],
            "creation_timestamp": "2022-08-19T02:07:52.480-07:00",
            "deny": [],
            "description": "",
            "destination_ranges": [],
            "direction": "INGRESS",
            "disabled": false,
            "enable_logging": null,
            "id": "projects/forti-emea-se/global/firewalls/bm-mantis834748-fw-untrust-allowall",
            "log_config": [],
            "name": "bm-mantis834748-fw-untrust-allowall",
            "network": "https://www.googleapis.com/compute/v1/projects/forti-emea-se/global/networks/bm-mantis834748-external-vpc",
            "priority": 1000,
            "project": "forti-emea-se",
            "self_link": "https://www.googleapis.com/compute/v1/projects/forti-emea-se/global/firewalls/bm-mantis834748-fw-untrust-allowall",
            "source_ranges": [
              "0.0.0.0/0"
            ],
            "source_service_accounts": null,
            "source_tags": null,
            "target_service_accounts": null,
            "target_tags": null,
            "timeouts": null
          },
          "sensitive_attributes": [],
          "private": "eyJlMmJmYjczMC1lY2FhLTExZTYtOGY4OC0zNDM2M2JjN2M0YzAiOnsiY3JlYXRlIjoxMjAwMDAwMDAwMDAwLCJkZWxldGUiOjEyMDAwMDAwMDAwMDAsInVwZGF0ZSI6MTIwMDAwMDAwMDAwMH0sInNjaGVtYV92ZXJzaW9uIjoiMSJ9",
          "dependencies": [
            "module.fortigates.data.google_compute_subnetwork.subnets",
            "module.sample_networks.google_compute_network.vpcs",
            "module.sample_networks.google_compute_subnetwork.subnets"
          ]
        }
      ]
    },
    {
      "module": "module.fortigates",
      "mode": "managed",
      "type": "google_compute_firewall",
      "name": "allow-port2",
      "provider": "provider[\"registry.terraform.io/hashicorp/google\"]",
      "instances": [
        {
          "schema_version": 1,
          "attributes": {
            "allow": [
              {
                "ports": [],
                "protocol": "all"
              }
            ],
            "creation_timestamp": "2022-08-19T02:07:52.923-07:00",
            "deny": [],
            "description": "",
            "destination_ranges": [],
            "direction": "INGRESS",
            "disabled": false,
            "enable_logging": null,
            "id": "projects/forti-emea-se/global/firewalls/bm-mantis834748-fw-trust-allowall",
            "log_config": [],
            "name": "bm-mantis834748-fw-trust-allowall",
            "network": "https://www.googleapis.com/compute/v1/projects/forti-emea-se/global/networks/bm-mantis834748-internal-vpc",
            "priority": 1000,
            "project": "forti-emea-se",
            "self_link": "https://www.googleapis.com/compute/v1/projects/forti-emea-se/global/firewalls/bm-mantis834748-fw-trust-allowall",
            "source_ranges": [
              "0.0.0.0/0"
            ],
            "source_service_accounts": null,
            "source_tags": null,
            "target_service_accounts": null,
            "target_tags": null,
            "timeouts": null
          },
          "sensitive_attributes": [],
          "private": "eyJlMmJmYjczMC1lY2FhLTExZTYtOGY4OC0zNDM2M2JjN2M0YzAiOnsiY3JlYXRlIjoxMjAwMDAwMDAwMDAwLCJkZWxldGUiOjEyMDAwMDAwMDAwMDAsInVwZGF0ZSI6MTIwMDAwMDAwMDAwMH0sInNjaGVtYV92ZXJzaW9uIjoiMSJ9",
          "dependencies": [
            "module.fortigates.data.google_compute_subnetwork.subnets",
            "module.sample_networks.google_compute_network.vpcs",
            "module.sample_networks.google_compute_subnetwork.subnets"
          ]
        }
      ]
    },
    {
      "module": "module.fortigates",
      "mode": "managed",
      "type": "google_compute_forwarding_rule",
      "name": "ilb_fwd_rule",
      "provider": "provider[\"registry.terraform.io/hashicorp/google\"]",
      "instances": [
        {
          "schema_version": 0,
          "attributes": {
            "all_ports": true,
            "allow_global_access": true,
            "backend_service": "https://www.googleapis.com/compute/v1/projects/forti-emea-se/regions/us-central1/backendServices/bm-mantis834748-bes-ilb-trust-us-central1",
            "creation_timestamp": "2022-08-19T02:08:49.627-07:00",
            "description": "",
            "id": "projects/forti-emea-se/regions/us-central1/forwardingRules/bm-mantis834748-fwdrule-ilb-trust-us-central1",
            "ip_address": "172.20.1.3",
            "ip_protocol": "TCP",
            "is_mirroring_collector": false,
            "label_fingerprint": "42WmSpB8rSM=",
            "labels": null,
            "load_balancing_scheme": "INTERNAL",
            "name": "bm-mantis834748-fwdrule-ilb-trust-us-central1",
            "network": "https://www.googleapis.com/compute/v1/projects/forti-emea-se/global/networks/bm-mantis834748-internal-vpc",
            "network_tier": "PREMIUM",
            "port_range": "",
            "ports": null,
            "project": "forti-emea-se",
            "psc_connection_id": "",
            "psc_connection_status": "",
            "region": "us-central1",
            "self_link": "https://www.googleapis.com/compute/v1/projects/forti-emea-se/regions/us-central1/forwardingRules/bm-mantis834748-fwdrule-ilb-trust-us-central1",
            "service_directory_registrations": [],
            "service_label": "",
            "service_name": "",
            "subnetwork": "projects/forti-emea-se/regions/us-central1/subnetworks/bm-mantis834748-internal-sb",
            "target": "",
            "timeouts": null
          },
          "sensitive_attributes": [],
          "private": "eyJlMmJmYjczMC1lY2FhLTExZTYtOGY4OC0zNDM2M2JjN2M0YzAiOnsiY3JlYXRlIjoxMjAwMDAwMDAwMDAwLCJkZWxldGUiOjEyMDAwMDAwMDAwMDAsInVwZGF0ZSI6MTIwMDAwMDAwMDAwMH19",
          "dependencies": [
            "data.google_service_account.fgt",
            "data.http.my_ip",
            "module.fortigates.data.google_compute_default_service_account.default",
            "module.fortigates.data.google_compute_image.fgt_image",
            "module.fortigates.data.google_compute_subnetwork.subnets",
            "module.fortigates.data.google_compute_zones.zones_in_region",
            "module.fortigates.google_compute_address.ext_priv",
            "module.fortigates.google_compute_address.hasync_priv",
            "module.fortigates.google_compute_address.ilb",
            "module.fortigates.google_compute_address.int_priv",
            "module.fortigates.google_compute_address.mgmt_priv",
            "module.fortigates.google_compute_address.mgmt_pub",
            "module.fortigates.google_compute_disk.logdisk",
            "module.fortigates.google_compute_instance.fgt-vm",
            "module.fortigates.google_compute_instance_group.fgt-umigs",
            "module.fortigates.google_compute_region_backend_service.ilb_bes",
            "module.fortigates.google_compute_region_health_check.health_check",
            "module.fortigates.random_string.api_key",
            "module.sample_networks.google_compute_network.vpcs",
            "module.sample_networks.google_compute_subnetwork.subnets"
          ]
        }
      ]
    },
    {
      "module": "module.fortigates",
      "mode": "managed",
      "type": "google_compute_instance",
      "name": "fgt-vm",
      "provider": "provider[\"registry.terraform.io/hashicorp/google\"]",
      "instances": [
        {
          "index_key": 0,
          "schema_version": 6,
          "attributes": {
            "advanced_machine_features": [],
            "allow_stopping_for_update": null,
            "attached_disk": [
              {
                "device_name": "persistent-disk-1",
                "disk_encryption_key_raw": "",
                "disk_encryption_key_sha256": "",
                "kms_key_self_link": "",
                "mode": "READ_WRITE",
                "source": "https://www.googleapis.com/compute/v1/projects/forti-emea-se/zones/us-central1-a/disks/bm-mantis834748-disk-logdisk1-us-central1-a"
              }
            ],
            "boot_disk": [
              {
                "auto_delete": true,
                "device_name": "persistent-disk-0",
                "disk_encryption_key_raw": "",
                "disk_encryption_key_sha256": "",
                "initialize_params": [
                  {
                    "image": "https://www.googleapis.com/compute/v1/projects/fortigcp-project-001/global/images/fortinet-fgt-706-20220622-001-w-license",
                    "labels": {},
                    "size": 10,
                    "type": "pd-standard"
                  }
                ],
                "kms_key_self_link": "",
                "mode": "READ_WRITE",
                "source": "https://www.googleapis.com/compute/v1/projects/forti-emea-se/zones/us-central1-a/disks/bm-mantis834748-vm1-us-central1-a"
              }
            ],
            "can_ip_forward": true,
            "confidential_instance_config": [],
            "cpu_platform": "Intel Broadwell",
            "current_status": "RUNNING",
            "deletion_protection": false,
            "description": "",
            "desired_status": null,
            "enable_display": false,
            "guest_accelerator": [],
            "hostname": "",
            "id": "projects/forti-emea-se/zones/us-central1-a/instances/bm-mantis834748-vm1-us-central1-a",
            "instance_id": "1797206279074278895",
            "label_fingerprint": "42WmSpB8rSM=",
            "labels": null,
            "machine_type": "e2-standard-4",
            "metadata": {
              "serial-port-enable": "true",
              "user-data": "config system global\n  set hostname bm-mantis834748-vm-us-central1-a\nend\nconfig system probe-response\n    set mode http-probe\n    set http-probe-value OK\n    set port 8008\nend\nconfig system api-user\n  edit terraform\n    set api-key 1htsrZRuITn6j29Y1t1l2tigb4DLm0\n    set accprofile \"prof_admin\"\n    config trusthost\n          edit 0\n        set ipv4-trusthost 35.189.204.201/32\n      next\n        end\n  next\nend\nconfig system sdn-connector\n    edit \"gcp\"\n        set type gcp\n        set ha-status enable\n    next\nend\nconfig system dns\n  set primary 169.254.169.254\n  set protocol cleartext\n  unset secondary\nend\nconfig system ha\n    set group-name \"gcp-group\"\n    set mode a-p\n    set hbdev \"port3\" 50\n    set session-pickup enable\n    set ha-mgmt-status enable\n    config ha-mgmt-interfaces\n        edit 1\n            set interface \"port4\"\n            set gateway 172.20.3.1\n        next\n    end\n    set override disable\n    set priority 1\n    set unicast-hb enable\n    set unicast-hb-peerip 172.20.2.3\n    set unicast-hb-netmask 255.255.255.0\nend\nconfig system interface\n  edit port1\n    set mode static\n    set ip 172.20.0.3/32\n  next\n  edit port2\n    set mode static\n    set allowaccess ping\n    set ip 172.20.1.4/32\n    set secondary-IP enable\n    config secondaryip\n      edit 0\n      set ip 172.20.1.3/32\n      set allowaccess probe-response\n      next\n    end\n  next\n  edit port3\n    set mode static\n    set allowaccess ping\n    set ip 172.20.2.2/32\n  next\n  edit port4\n    set mode static\n    set ip 172.20.3.3/32\n    set allowaccess ping https ssh fgfm\n  next\n  edit \"probe\"\n    set vdom \"root\"\n    set ip 169.254.255.100 255.255.255.255\n    set allowaccess probe-response\n    set type loopback\nnext\nend\nconfig router static\n  edit 0\n    set device port1\n    set gateway 172.20.0.1\n  next\n  edit 0\n    set device port2\n    set dst 172.20.1.0/24\n    set gateway 172.20.1.1\n  next\n  edit 0\n    set device port2\n    set dst 35.191.0.0/16\n    set gateway 172.20.1.1\n  next\n  edit 0\n    set device port2\n    set dst 130.211.0.0/22\n    set gateway 172.20.1.1\n  next\nend\n\nconfig firewall policy\n  edit 0\n    set name \"allow-all-outbound\"\n    set srcintf \"port2\"\n    set dstintf \"port1\"\n    set action accept\n    set srcaddr \"all\"\n    set dstaddr \"all\"\n    set schedule \"always\"\n    set service \"ALL\"\n    set utm-status enable\n    set ssl-ssh-profile \"certificate-inspection\"\n    set application-list \"default\"\n    set logtraffic all\n    set nat enable\nend\n\n"
            },
            "metadata_fingerprint": "nA3trl81I_E=",
            "metadata_startup_script": null,
            "min_cpu_platform": "",
            "name": "bm-mantis834748-vm1-us-central1-a",
            "network_interface": [
              {
                "access_config": [],
                "alias_ip_range": [],
                "ipv6_access_config": [],
                "ipv6_access_type": "",
                "name": "nic0",
                "network": "https://www.googleapis.com/compute/v1/projects/forti-emea-se/global/networks/bm-mantis834748-external-vpc",
                "network_ip": "172.20.0.3",
                "nic_type": "",
                "queue_count": 0,
                "stack_type": "IPV4_ONLY",
                "subnetwork": "https://www.googleapis.com/compute/v1/projects/forti-emea-se/regions/us-central1/subnetworks/bm-mantis834748-external-sb",
                "subnetwork_project": "forti-emea-se"
              },
              {
                "access_config": [],
                "alias_ip_range": [],
                "ipv6_access_config": [],
                "ipv6_access_type": "",
                "name": "nic1",
                "network": "https://www.googleapis.com/compute/v1/projects/forti-emea-se/global/networks/bm-mantis834748-internal-vpc",
                "network_ip": "172.20.1.4",
                "nic_type": "",
                "queue_count": 0,
                "stack_type": "IPV4_ONLY",
                "subnetwork": "https://www.googleapis.com/compute/v1/projects/forti-emea-se/regions/us-central1/subnetworks/bm-mantis834748-internal-sb",
                "subnetwork_project": "forti-emea-se"
              },
              {
                "access_config": [],
                "alias_ip_range": [],
                "ipv6_access_config": [],
                "ipv6_access_type": "",
                "name": "nic2",
                "network": "https://www.googleapis.com/compute/v1/projects/forti-emea-se/global/networks/bm-mantis834748-hasync-vpc",
                "network_ip": "172.20.2.2",
                "nic_type": "",
                "queue_count": 0,
                "stack_type": "IPV4_ONLY",
                "subnetwork": "https://www.googleapis.com/compute/v1/projects/forti-emea-se/regions/us-central1/subnetworks/bm-mantis834748-hasync-sb",
                "subnetwork_project": "forti-emea-se"
              },
              {
                "access_config": [
                  {
                    "nat_ip": "35.193.3.8",
                    "network_tier": "PREMIUM",
                    "public_ptr_domain_name": ""
                  }
                ],
                "alias_ip_range": [],
                "ipv6_access_config": [],
                "ipv6_access_type": "",
                "name": "nic3",
                "network": "https://www.googleapis.com/compute/v1/projects/forti-emea-se/global/networks/bm-mantis834748-mgmt-vpc",
                "network_ip": "172.20.3.3",
                "nic_type": "",
                "queue_count": 0,
                "stack_type": "IPV4_ONLY",
                "subnetwork": "https://www.googleapis.com/compute/v1/projects/forti-emea-se/regions/us-central1/subnetworks/bm-mantis834748-mgmt-sb",
                "subnetwork_project": "forti-emea-se"
              }
            ],
            "project": "forti-emea-se",
            "reservation_affinity": [],
            "resource_policies": null,
            "scheduling": [
              {
                "automatic_restart": true,
                "instance_termination_action": "",
                "min_node_cpus": 0,
                "node_affinities": [],
                "on_host_maintenance": "MIGRATE",
                "preemptible": false,
                "provisioning_model": "STANDARD"
              }
            ],
            "scratch_disk": [],
            "self_link": "https://www.googleapis.com/compute/v1/projects/forti-emea-se/zones/us-central1-a/instances/bm-mantis834748-vm1-us-central1-a",
            "service_account": [
              {
                "email": "fortigatesdn-ro@forti-emea-se.iam.gserviceaccount.com",
                "scopes": [
                  "https://www.googleapis.com/auth/cloud-platform"
                ]
              }
            ],
            "shielded_instance_config": [],
            "tags": [
              "fgt"
            ],
            "tags_fingerprint": "xTla7NhEPGA=",
            "timeouts": null,
            "zone": "us-central1-a"
          },
          "sensitive_attributes": [],
          "private": "eyJlMmJmYjczMC1lY2FhLTExZTYtOGY4OC0zNDM2M2JjN2M0YzAiOnsiY3JlYXRlIjoxMjAwMDAwMDAwMDAwLCJkZWxldGUiOjEyMDAwMDAwMDAwMDAsInVwZGF0ZSI6MTIwMDAwMDAwMDAwMH0sInNjaGVtYV92ZXJzaW9uIjoiNiJ9",
          "dependencies": [
            "data.google_service_account.fgt",
            "data.http.my_ip",
            "module.fortigates.data.google_compute_default_service_account.default",
            "module.fortigates.data.google_compute_image.fgt_image",
            "module.fortigates.data.google_compute_subnetwork.subnets",
            "module.fortigates.data.google_compute_zones.zones_in_region",
            "module.fortigates.google_compute_address.ext_priv",
            "module.fortigates.google_compute_address.hasync_priv",
            "module.fortigates.google_compute_address.ilb",
            "module.fortigates.google_compute_address.int_priv",
            "module.fortigates.google_compute_address.mgmt_priv",
            "module.fortigates.google_compute_address.mgmt_pub",
            "module.fortigates.google_compute_disk.logdisk",
            "module.fortigates.random_string.api_key",
            "module.sample_networks.google_compute_network.vpcs",
            "module.sample_networks.google_compute_subnetwork.subnets"
          ]
        },
        {
          "index_key": 1,
          "schema_version": 6,
          "attributes": {
            "advanced_machine_features": [],
            "allow_stopping_for_update": null,
            "attached_disk": [
              {
                "device_name": "persistent-disk-1",
                "disk_encryption_key_raw": "",
                "disk_encryption_key_sha256": "",
                "kms_key_self_link": "",
                "mode": "READ_WRITE",
                "source": "https://www.googleapis.com/compute/v1/projects/forti-emea-se/zones/us-central1-b/disks/bm-mantis834748-disk-logdisk2-us-central1-b"
              }
            ],
            "boot_disk": [
              {
                "auto_delete": true,
                "device_name": "persistent-disk-0",
                "disk_encryption_key_raw": "",
                "disk_encryption_key_sha256": "",
                "initialize_params": [
                  {
                    "image": "https://www.googleapis.com/compute/v1/projects/fortigcp-project-001/global/images/fortinet-fgt-706-20220622-001-w-license",
                    "labels": {},
                    "size": 10,
                    "type": "pd-standard"
                  }
                ],
                "kms_key_self_link": "",
                "mode": "READ_WRITE",
                "source": "https://www.googleapis.com/compute/v1/projects/forti-emea-se/zones/us-central1-b/disks/bm-mantis834748-vm2-us-central1-b"
              }
            ],
            "can_ip_forward": true,
            "confidential_instance_config": [],
            "cpu_platform": "Intel Broadwell",
            "current_status": "RUNNING",
            "deletion_protection": false,
            "description": "",
            "desired_status": null,
            "enable_display": false,
            "guest_accelerator": [],
            "hostname": "",
            "id": "projects/forti-emea-se/zones/us-central1-b/instances/bm-mantis834748-vm2-us-central1-b",
            "instance_id": "6210340125525863919",
            "label_fingerprint": "42WmSpB8rSM=",
            "labels": null,
            "machine_type": "e2-standard-4",
            "metadata": {
              "serial-port-enable": "true",
              "user-data": "config system global\n  set hostname bm-mantis834748-vm-us-central1-b\nend\nconfig system probe-response\n    set mode http-probe\n    set http-probe-value OK\n    set port 8008\nend\nconfig system api-user\n  edit terraform\n    set api-key 1htsrZRuITn6j29Y1t1l2tigb4DLm0\n    set accprofile \"prof_admin\"\n    config trusthost\n          edit 0\n        set ipv4-trusthost 35.189.204.201/32\n      next\n        end\n  next\nend\nconfig system sdn-connector\n    edit \"gcp\"\n        set type gcp\n        set ha-status enable\n    next\nend\nconfig system dns\n  set primary 169.254.169.254\n  set protocol cleartext\n  unset secondary\nend\nconfig system ha\n    set group-name \"gcp-group\"\n    set mode a-p\n    set hbdev \"port3\" 50\n    set session-pickup enable\n    set ha-mgmt-status enable\n    config ha-mgmt-interfaces\n        edit 1\n            set interface \"port4\"\n            set gateway 172.20.3.1\n        next\n    end\n    set override disable\n    set priority 0\n    set unicast-hb enable\n    set unicast-hb-peerip 172.20.2.2\n    set unicast-hb-netmask 255.255.255.0\nend\nconfig system interface\n  edit port1\n    set mode static\n    set ip 172.20.0.2/32\n  next\n  edit port2\n    set mode static\n    set allowaccess ping\n    set ip 172.20.1.2/32\n    set secondary-IP enable\n    config secondaryip\n      edit 0\n      set ip 172.20.1.3/32\n      set allowaccess probe-response\n      next\n    end\n  next\n  edit port3\n    set mode static\n    set allowaccess ping\n    set ip 172.20.2.3/32\n  next\n  edit port4\n    set mode static\n    set ip 172.20.3.2/32\n    set allowaccess ping https ssh fgfm\n  next\n  edit \"probe\"\n    set vdom \"root\"\n    set ip 169.254.255.100 255.255.255.255\n    set allowaccess probe-response\n    set type loopback\nnext\nend\nconfig router static\n  edit 0\n    set device port1\n    set gateway 172.20.0.1\n  next\n  edit 0\n    set device port2\n    set dst 172.20.1.0/24\n    set gateway 172.20.1.1\n  next\n  edit 0\n    set device port2\n    set dst 35.191.0.0/16\n    set gateway 172.20.1.1\n  next\n  edit 0\n    set device port2\n    set dst 130.211.0.0/22\n    set gateway 172.20.1.1\n  next\nend\n\nconfig firewall policy\n  edit 0\n    set name \"allow-all-outbound\"\n    set srcintf \"port2\"\n    set dstintf \"port1\"\n    set action accept\n    set srcaddr \"all\"\n    set dstaddr \"all\"\n    set schedule \"always\"\n    set service \"ALL\"\n    set utm-status enable\n    set ssl-ssh-profile \"certificate-inspection\"\n    set application-list \"default\"\n    set logtraffic all\n    set nat enable\nend\n\n"
            },
            "metadata_fingerprint": "rssDLDQ1Tg8=",
            "metadata_startup_script": null,
            "min_cpu_platform": "",
            "name": "bm-mantis834748-vm2-us-central1-b",
            "network_interface": [
              {
                "access_config": [],
                "alias_ip_range": [],
                "ipv6_access_config": [],
                "ipv6_access_type": "",
                "name": "nic0",
                "network": "https://www.googleapis.com/compute/v1/projects/forti-emea-se/global/networks/bm-mantis834748-external-vpc",
                "network_ip": "172.20.0.2",
                "nic_type": "",
                "queue_count": 0,
                "stack_type": "IPV4_ONLY",
                "subnetwork": "https://www.googleapis.com/compute/v1/projects/forti-emea-se/regions/us-central1/subnetworks/bm-mantis834748-external-sb",
                "subnetwork_project": "forti-emea-se"
              },
              {
                "access_config": [],
                "alias_ip_range": [],
                "ipv6_access_config": [],
                "ipv6_access_type": "",
                "name": "nic1",
                "network": "https://www.googleapis.com/compute/v1/projects/forti-emea-se/global/networks/bm-mantis834748-internal-vpc",
                "network_ip": "172.20.1.2",
                "nic_type": "",
                "queue_count": 0,
                "stack_type": "IPV4_ONLY",
                "subnetwork": "https://www.googleapis.com/compute/v1/projects/forti-emea-se/regions/us-central1/subnetworks/bm-mantis834748-internal-sb",
                "subnetwork_project": "forti-emea-se"
              },
              {
                "access_config": [],
                "alias_ip_range": [],
                "ipv6_access_config": [],
                "ipv6_access_type": "",
                "name": "nic2",
                "network": "https://www.googleapis.com/compute/v1/projects/forti-emea-se/global/networks/bm-mantis834748-hasync-vpc",
                "network_ip": "172.20.2.3",
                "nic_type": "",
                "queue_count": 0,
                "stack_type": "IPV4_ONLY",
                "subnetwork": "https://www.googleapis.com/compute/v1/projects/forti-emea-se/regions/us-central1/subnetworks/bm-mantis834748-hasync-sb",
                "subnetwork_project": "forti-emea-se"
              },
              {
                "access_config": [
                  {
                    "nat_ip": "34.72.161.73",
                    "network_tier": "PREMIUM",
                    "public_ptr_domain_name": ""
                  }
                ],
                "alias_ip_range": [],
                "ipv6_access_config": [],
                "ipv6_access_type": "",
                "name": "nic3",
                "network": "https://www.googleapis.com/compute/v1/projects/forti-emea-se/global/networks/bm-mantis834748-mgmt-vpc",
                "network_ip": "172.20.3.2",
                "nic_type": "",
                "queue_count": 0,
                "stack_type": "IPV4_ONLY",
                "subnetwork": "https://www.googleapis.com/compute/v1/projects/forti-emea-se/regions/us-central1/subnetworks/bm-mantis834748-mgmt-sb",
                "subnetwork_project": "forti-emea-se"
              }
            ],
            "project": "forti-emea-se",
            "reservation_affinity": [],
            "resource_policies": null,
            "scheduling": [
              {
                "automatic_restart": true,
                "instance_termination_action": "",
                "min_node_cpus": 0,
                "node_affinities": [],
                "on_host_maintenance": "MIGRATE",
                "preemptible": false,
                "provisioning_model": "STANDARD"
              }
            ],
            "scratch_disk": [],
            "self_link": "https://www.googleapis.com/compute/v1/projects/forti-emea-se/zones/us-central1-b/instances/bm-mantis834748-vm2-us-central1-b",
            "service_account": [
              {
                "email": "fortigatesdn-ro@forti-emea-se.iam.gserviceaccount.com",
                "scopes": [
                  "https://www.googleapis.com/auth/cloud-platform"
                ]
              }
            ],
            "shielded_instance_config": [],
            "tags": [
              "fgt"
            ],
            "tags_fingerprint": "xTla7NhEPGA=",
            "timeouts": null,
            "zone": "us-central1-b"
          },
          "sensitive_attributes": [],
          "private": "eyJlMmJmYjczMC1lY2FhLTExZTYtOGY4OC0zNDM2M2JjN2M0YzAiOnsiY3JlYXRlIjoxMjAwMDAwMDAwMDAwLCJkZWxldGUiOjEyMDAwMDAwMDAwMDAsInVwZGF0ZSI6MTIwMDAwMDAwMDAwMH0sInNjaGVtYV92ZXJzaW9uIjoiNiJ9",
          "dependencies": [
            "data.google_service_account.fgt",
            "data.http.my_ip",
            "module.fortigates.data.google_compute_default_service_account.default",
            "module.fortigates.data.google_compute_image.fgt_image",
            "module.fortigates.data.google_compute_subnetwork.subnets",
            "module.fortigates.data.google_compute_zones.zones_in_region",
            "module.fortigates.google_compute_address.ext_priv",
            "module.fortigates.google_compute_address.hasync_priv",
            "module.fortigates.google_compute_address.ilb",
            "module.fortigates.google_compute_address.int_priv",
            "module.fortigates.google_compute_address.mgmt_priv",
            "module.fortigates.google_compute_address.mgmt_pub",
            "module.fortigates.google_compute_disk.logdisk",
            "module.fortigates.random_string.api_key",
            "module.sample_networks.google_compute_network.vpcs",
            "module.sample_networks.google_compute_subnetwork.subnets"
          ]
        }
      ]
    },
    {
      "module": "module.fortigates",
      "mode": "managed",
      "type": "google_compute_instance_group",
      "name": "fgt-umigs",
      "provider": "provider[\"registry.terraform.io/hashicorp/google\"]",
      "instances": [
        {
          "index_key": 0,
          "schema_version": 2,
          "attributes": {
            "description": "",
            "id": "projects/forti-emea-se/zones/us-central1-a/instanceGroups/bm-mantis834748-umig0-us-central1-a",
            "instances": [
              "https://www.googleapis.com/compute/v1/projects/forti-emea-se/zones/us-central1-a/instances/bm-mantis834748-vm1-us-central1-a"
            ],
            "name": "bm-mantis834748-umig0-us-central1-a",
            "named_port": [],
            "network": "https://www.googleapis.com/compute/v1/projects/forti-emea-se/global/networks/bm-mantis834748-external-vpc",
            "project": "forti-emea-se",
            "self_link": "https://www.googleapis.com/compute/v1/projects/forti-emea-se/zones/us-central1-a/instanceGroups/bm-mantis834748-umig0-us-central1-a",
            "size": 1,
            "timeouts": null,
            "zone": "us-central1-a"
          },
          "sensitive_attributes": [],
          "private": "eyJlMmJmYjczMC1lY2FhLTExZTYtOGY4OC0zNDM2M2JjN2M0YzAiOnsiY3JlYXRlIjozNjAwMDAwMDAwMDAsImRlbGV0ZSI6MzYwMDAwMDAwMDAwLCJ1cGRhdGUiOjM2MDAwMDAwMDAwMH0sInNjaGVtYV92ZXJzaW9uIjoiMiJ9",
          "dependencies": [
            "data.google_service_account.fgt",
            "data.http.my_ip",
            "module.fortigates.data.google_compute_default_service_account.default",
            "module.fortigates.data.google_compute_image.fgt_image",
            "module.fortigates.data.google_compute_subnetwork.subnets",
            "module.fortigates.data.google_compute_zones.zones_in_region",
            "module.fortigates.google_compute_address.ext_priv",
            "module.fortigates.google_compute_address.hasync_priv",
            "module.fortigates.google_compute_address.ilb",
            "module.fortigates.google_compute_address.int_priv",
            "module.fortigates.google_compute_address.mgmt_priv",
            "module.fortigates.google_compute_address.mgmt_pub",
            "module.fortigates.google_compute_disk.logdisk",
            "module.fortigates.google_compute_instance.fgt-vm",
            "module.fortigates.random_string.api_key",
            "module.sample_networks.google_compute_network.vpcs",
            "module.sample_networks.google_compute_subnetwork.subnets"
          ]
        },
        {
          "index_key": 1,
          "schema_version": 2,
          "attributes": {
            "description": "",
            "id": "projects/forti-emea-se/zones/us-central1-b/instanceGroups/bm-mantis834748-umig1-us-central1-b",
            "instances": [
              "https://www.googleapis.com/compute/v1/projects/forti-emea-se/zones/us-central1-b/instances/bm-mantis834748-vm2-us-central1-b"
            ],
            "name": "bm-mantis834748-umig1-us-central1-b",
            "named_port": [],
            "network": "https://www.googleapis.com/compute/v1/projects/forti-emea-se/global/networks/bm-mantis834748-external-vpc",
            "project": "forti-emea-se",
            "self_link": "https://www.googleapis.com/compute/v1/projects/forti-emea-se/zones/us-central1-b/instanceGroups/bm-mantis834748-umig1-us-central1-b",
            "size": 1,
            "timeouts": null,
            "zone": "us-central1-b"
          },
          "sensitive_attributes": [],
          "private": "eyJlMmJmYjczMC1lY2FhLTExZTYtOGY4OC0zNDM2M2JjN2M0YzAiOnsiY3JlYXRlIjozNjAwMDAwMDAwMDAsImRlbGV0ZSI6MzYwMDAwMDAwMDAwLCJ1cGRhdGUiOjM2MDAwMDAwMDAwMH0sInNjaGVtYV92ZXJzaW9uIjoiMiJ9",
          "dependencies": [
            "data.google_service_account.fgt",
            "data.http.my_ip",
            "module.fortigates.data.google_compute_default_service_account.default",
            "module.fortigates.data.google_compute_image.fgt_image",
            "module.fortigates.data.google_compute_subnetwork.subnets",
            "module.fortigates.data.google_compute_zones.zones_in_region",
            "module.fortigates.google_compute_address.ext_priv",
            "module.fortigates.google_compute_address.hasync_priv",
            "module.fortigates.google_compute_address.ilb",
            "module.fortigates.google_compute_address.int_priv",
            "module.fortigates.google_compute_address.mgmt_priv",
            "module.fortigates.google_compute_address.mgmt_pub",
            "module.fortigates.google_compute_disk.logdisk",
            "module.fortigates.google_compute_instance.fgt-vm",
            "module.fortigates.random_string.api_key",
            "module.sample_networks.google_compute_network.vpcs",
            "module.sample_networks.google_compute_subnetwork.subnets"
          ]
        }
      ]
    },
    {
      "module": "module.fortigates",
      "mode": "managed",
      "type": "google_compute_region_backend_service",
      "name": "elb_bes",
      "provider": "provider[\"registry.terraform.io/hashicorp/google-beta\"]",
      "instances": [
        {
          "schema_version": 1,
          "attributes": {
            "affinity_cookie_ttl_sec": 0,
            "backend": [
              {
                "balancing_mode": "CONNECTION",
                "capacity_scaler": 0,
                "description": "",
                "failover": false,
                "group": "https://www.googleapis.com/compute/v1/projects/forti-emea-se/zones/us-central1-a/instanceGroups/bm-mantis834748-umig0-us-central1-a",
                "max_connections": 0,
                "max_connections_per_endpoint": 0,
                "max_connections_per_instance": 0,
                "max_rate": 0,
                "max_rate_per_endpoint": 0,
                "max_rate_per_instance": 0,
                "max_utilization": 0
              },
              {
                "balancing_mode": "CONNECTION",
                "capacity_scaler": 0,
                "description": "",
                "failover": false,
                "group": "https://www.googleapis.com/compute/v1/projects/forti-emea-se/zones/us-central1-b/instanceGroups/bm-mantis834748-umig1-us-central1-b",
                "max_connections": 0,
                "max_connections_per_endpoint": 0,
                "max_connections_per_instance": 0,
                "max_rate": 0,
                "max_rate_per_endpoint": 0,
                "max_rate_per_instance": 0,
                "max_utilization": 0
              }
            ],
            "cdn_policy": [],
            "circuit_breakers": [],
            "connection_draining_timeout_sec": 0,
            "connection_tracking_policy": [
              {
                "connection_persistence_on_unhealthy_backends": "NEVER_PERSIST",
                "idle_timeout_sec": 60,
                "tracking_mode": "PER_CONNECTION"
              }
            ],
            "consistent_hash": [],
            "creation_timestamp": "2022-08-19T02:08:37.227-07:00",
            "description": "",
            "enable_cdn": false,
            "failover_policy": [],
            "fingerprint": "QJ-XK5rpGdg=",
            "health_checks": [
              "https://www.googleapis.com/compute/v1/projects/forti-emea-se/regions/us-central1/healthChecks/bm-mantis834748-healthcheck-http8008-us-central1"
            ],
            "iap": [],
            "id": "projects/forti-emea-se/regions/us-central1/backendServices/bm-mantis834748-bes-elb-us-central1",
            "load_balancing_scheme": "EXTERNAL",
            "locality_lb_policy": "",
            "log_config": [],
            "name": "bm-mantis834748-bes-elb-us-central1",
            "network": "",
            "outlier_detection": [],
            "port_name": "http",
            "project": "forti-emea-se",
            "protocol": "UNSPECIFIED",
            "region": "us-central1",
            "self_link": "https://www.googleapis.com/compute/v1/projects/forti-emea-se/regions/us-central1/backendServices/bm-mantis834748-bes-elb-us-central1",
            "session_affinity": "NONE",
            "subsetting": [],
            "timeout_sec": 30,
            "timeouts": null
          },
          "sensitive_attributes": [],
          "private": "eyJlMmJmYjczMC1lY2FhLTExZTYtOGY4OC0zNDM2M2JjN2M0YzAiOnsiY3JlYXRlIjoxMjAwMDAwMDAwMDAwLCJkZWxldGUiOjEyMDAwMDAwMDAwMDAsInVwZGF0ZSI6MTIwMDAwMDAwMDAwMH0sInNjaGVtYV92ZXJzaW9uIjoiMSJ9",
          "dependencies": [
            "data.google_service_account.fgt",
            "data.http.my_ip",
            "module.fortigates.data.google_compute_default_service_account.default",
            "module.fortigates.data.google_compute_image.fgt_image",
            "module.fortigates.data.google_compute_subnetwork.subnets",
            "module.fortigates.data.google_compute_zones.zones_in_region",
            "module.fortigates.google_compute_address.ext_priv",
            "module.fortigates.google_compute_address.hasync_priv",
            "module.fortigates.google_compute_address.ilb",
            "module.fortigates.google_compute_address.int_priv",
            "module.fortigates.google_compute_address.mgmt_priv",
            "module.fortigates.google_compute_address.mgmt_pub",
            "module.fortigates.google_compute_disk.logdisk",
            "module.fortigates.google_compute_instance.fgt-vm",
            "module.fortigates.google_compute_instance_group.fgt-umigs",
            "module.fortigates.google_compute_region_health_check.health_check",
            "module.fortigates.random_string.api_key",
            "module.sample_networks.google_compute_network.vpcs",
            "module.sample_networks.google_compute_subnetwork.subnets"
          ]
        }
      ]
    },
    {
      "module": "module.fortigates",
      "mode": "managed",
      "type": "google_compute_region_backend_service",
      "name": "ilb_bes",
      "provider": "provider[\"registry.terraform.io/hashicorp/google-beta\"]",
      "instances": [
        {
          "schema_version": 1,
          "attributes": {
            "affinity_cookie_ttl_sec": 0,
            "backend": [
              {
                "balancing_mode": "CONNECTION",
                "capacity_scaler": 0,
                "description": "",
                "failover": false,
                "group": "https://www.googleapis.com/compute/v1/projects/forti-emea-se/zones/us-central1-a/instanceGroups/bm-mantis834748-umig0-us-central1-a",
                "max_connections": 0,
                "max_connections_per_endpoint": 0,
                "max_connections_per_instance": 0,
                "max_rate": 0,
                "max_rate_per_endpoint": 0,
                "max_rate_per_instance": 0,
                "max_utilization": 0
              },
              {
                "balancing_mode": "CONNECTION",
                "capacity_scaler": 0,
                "description": "",
                "failover": false,
                "group": "https://www.googleapis.com/compute/v1/projects/forti-emea-se/zones/us-central1-b/instanceGroups/bm-mantis834748-umig1-us-central1-b",
                "max_connections": 0,
                "max_connections_per_endpoint": 0,
                "max_connections_per_instance": 0,
                "max_rate": 0,
                "max_rate_per_endpoint": 0,
                "max_rate_per_instance": 0,
                "max_utilization": 0
              }
            ],
            "cdn_policy": [],
            "circuit_breakers": [],
            "connection_draining_timeout_sec": 0,
            "connection_tracking_policy": [
              {
                "connection_persistence_on_unhealthy_backends": "NEVER_PERSIST",
                "idle_timeout_sec": 600,
                "tracking_mode": "PER_CONNECTION"
              }
            ],
            "consistent_hash": [],
            "creation_timestamp": "2022-08-19T02:08:37.215-07:00",
            "description": "",
            "enable_cdn": false,
            "failover_policy": [],
            "fingerprint": "wjGZ2tTzfXg=",
            "health_checks": [
              "https://www.googleapis.com/compute/v1/projects/forti-emea-se/regions/us-central1/healthChecks/bm-mantis834748-healthcheck-http8008-us-central1"
            ],
            "iap": [],
            "id": "projects/forti-emea-se/regions/us-central1/backendServices/bm-mantis834748-bes-ilb-trust-us-central1",
            "load_balancing_scheme": "INTERNAL",
            "locality_lb_policy": "",
            "log_config": [],
            "name": "bm-mantis834748-bes-ilb-trust-us-central1",
            "network": "https://www.googleapis.com/compute/v1/projects/forti-emea-se/global/networks/bm-mantis834748-internal-vpc",
            "outlier_detection": [],
            "port_name": "",
            "project": "forti-emea-se",
            "protocol": "TCP",
            "region": "us-central1",
            "self_link": "https://www.googleapis.com/compute/v1/projects/forti-emea-se/regions/us-central1/backendServices/bm-mantis834748-bes-ilb-trust-us-central1",
            "session_affinity": "NONE",
            "subsetting": [],
            "timeout_sec": 30,
            "timeouts": null
          },
          "sensitive_attributes": [],
          "private": "eyJlMmJmYjczMC1lY2FhLTExZTYtOGY4OC0zNDM2M2JjN2M0YzAiOnsiY3JlYXRlIjoxMjAwMDAwMDAwMDAwLCJkZWxldGUiOjEyMDAwMDAwMDAwMDAsInVwZGF0ZSI6MTIwMDAwMDAwMDAwMH0sInNjaGVtYV92ZXJzaW9uIjoiMSJ9",
          "dependencies": [
            "data.google_service_account.fgt",
            "data.http.my_ip",
            "module.fortigates.data.google_compute_default_service_account.default",
            "module.fortigates.data.google_compute_image.fgt_image",
            "module.fortigates.data.google_compute_subnetwork.subnets",
            "module.fortigates.data.google_compute_zones.zones_in_region",
            "module.fortigates.google_compute_address.ext_priv",
            "module.fortigates.google_compute_address.hasync_priv",
            "module.fortigates.google_compute_address.ilb",
            "module.fortigates.google_compute_address.int_priv",
            "module.fortigates.google_compute_address.mgmt_priv",
            "module.fortigates.google_compute_address.mgmt_pub",
            "module.fortigates.google_compute_disk.logdisk",
            "module.fortigates.google_compute_instance.fgt-vm",
            "module.fortigates.google_compute_instance_group.fgt-umigs",
            "module.fortigates.google_compute_region_health_check.health_check",
            "module.fortigates.random_string.api_key",
            "module.sample_networks.google_compute_network.vpcs",
            "module.sample_networks.google_compute_subnetwork.subnets"
          ]
        }
      ]
    },
    {
      "module": "module.fortigates",
      "mode": "managed",
      "type": "google_compute_region_health_check",
      "name": "health_check",
      "provider": "provider[\"registry.terraform.io/hashicorp/google\"]",
      "instances": [
        {
          "schema_version": 0,
          "attributes": {
            "check_interval_sec": 2,
            "creation_timestamp": "2022-08-19T02:07:52.091-07:00",
            "description": "",
            "grpc_health_check": [],
            "healthy_threshold": 2,
            "http2_health_check": [],
            "http_health_check": [
              {
                "host": "",
                "port": 8008,
                "port_name": "",
                "port_specification": "",
                "proxy_header": "NONE",
                "request_path": "/",
                "response": ""
              }
            ],
            "https_health_check": [],
            "id": "projects/forti-emea-se/regions/us-central1/healthChecks/bm-mantis834748-healthcheck-http8008-us-central1",
            "log_config": [
              {
                "enable": false
              }
            ],
            "name": "bm-mantis834748-healthcheck-http8008-us-central1",
            "project": "forti-emea-se",
            "region": "us-central1",
            "self_link": "https://www.googleapis.com/compute/v1/projects/forti-emea-se/regions/us-central1/healthChecks/bm-mantis834748-healthcheck-http8008-us-central1",
            "ssl_health_check": [],
            "tcp_health_check": [],
            "timeout_sec": 2,
            "timeouts": null,
            "type": "HTTP",
            "unhealthy_threshold": 2
          },
          "sensitive_attributes": [],
          "private": "eyJlMmJmYjczMC1lY2FhLTExZTYtOGY4OC0zNDM2M2JjN2M0YzAiOnsiY3JlYXRlIjoxMjAwMDAwMDAwMDAwLCJkZWxldGUiOjEyMDAwMDAwMDAwMDAsInVwZGF0ZSI6MTIwMDAwMDAwMDAwMH19",
          "dependencies": [
            "module.sample_networks.google_compute_network.vpcs",
            "module.sample_networks.google_compute_subnetwork.subnets"
          ]
        }
      ]
    },
    {
      "module": "module.fortigates",
      "mode": "managed",
      "type": "google_compute_route",
      "name": "default_route",
      "provider": "provider[\"registry.terraform.io/hashicorp/google\"]",
      "instances": [
        {
          "schema_version": 0,
          "attributes": {
            "description": "",
            "dest_range": "0.0.0.0/0",
            "id": "projects/forti-emea-se/global/routes/bm-mantis834748-rt-default-via-fgt",
            "name": "bm-mantis834748-rt-default-via-fgt",
            "network": "https://www.googleapis.com/compute/v1/projects/forti-emea-se/global/networks/bm-mantis834748-internal-vpc",
            "next_hop_gateway": "",
            "next_hop_ilb": "https://www.googleapis.com/compute/v1/projects/forti-emea-se/regions/us-central1/forwardingRules/bm-mantis834748-fwdrule-ilb-trust-us-central1",
            "next_hop_instance": "",
            "next_hop_instance_zone": null,
            "next_hop_ip": "172.20.1.3",
            "next_hop_network": "",
            "next_hop_vpn_tunnel": "",
            "priority": 100,
            "project": "forti-emea-se",
            "self_link": "https://www.googleapis.com/compute/v1/projects/forti-emea-se/global/routes/bm-mantis834748-rt-default-via-fgt",
            "tags": null,
            "timeouts": null
          },
          "sensitive_attributes": [],
          "private": "eyJlMmJmYjczMC1lY2FhLTExZTYtOGY4OC0zNDM2M2JjN2M0YzAiOnsiY3JlYXRlIjoxMjAwMDAwMDAwMDAwLCJkZWxldGUiOjEyMDAwMDAwMDAwMDB9fQ==",
          "dependencies": [
            "data.google_service_account.fgt",
            "data.http.my_ip",
            "module.fortigates.data.google_compute_default_service_account.default",
            "module.fortigates.data.google_compute_image.fgt_image",
            "module.fortigates.data.google_compute_subnetwork.subnets",
            "module.fortigates.data.google_compute_zones.zones_in_region",
            "module.fortigates.google_compute_address.ext_priv",
            "module.fortigates.google_compute_address.hasync_priv",
            "module.fortigates.google_compute_address.ilb",
            "module.fortigates.google_compute_address.int_priv",
            "module.fortigates.google_compute_address.mgmt_priv",
            "module.fortigates.google_compute_address.mgmt_pub",
            "module.fortigates.google_compute_disk.logdisk",
            "module.fortigates.google_compute_forwarding_rule.ilb_fwd_rule",
            "module.fortigates.google_compute_instance.fgt-vm",
            "module.fortigates.google_compute_instance_group.fgt-umigs",
            "module.fortigates.google_compute_region_backend_service.ilb_bes",
            "module.fortigates.google_compute_region_health_check.health_check",
            "module.fortigates.random_string.api_key",
            "module.sample_networks.google_compute_network.vpcs",
            "module.sample_networks.google_compute_subnetwork.subnets"
          ]
        }
      ]
    },
    {
      "module": "module.fortigates",
      "mode": "managed",
      "type": "google_compute_router",
      "name": "nat_router",
      "provider": "provider[\"registry.terraform.io/hashicorp/google\"]",
      "instances": [
        {
          "schema_version": 0,
          "attributes": {
            "bgp": [],
            "creation_timestamp": "2022-08-19T02:07:52.375-07:00",
            "description": "",
            "encrypted_interconnect_router": false,
            "id": "projects/forti-emea-se/regions/us-central1/routers/bm-mantis834748-cr-cloudnat-us-central1",
            "name": "bm-mantis834748-cr-cloudnat-us-central1",
            "network": "https://www.googleapis.com/compute/v1/projects/forti-emea-se/global/networks/bm-mantis834748-external-vpc",
            "project": "forti-emea-se",
            "region": "us-central1",
            "self_link": "https://www.googleapis.com/compute/v1/projects/forti-emea-se/regions/us-central1/routers/bm-mantis834748-cr-cloudnat-us-central1",
            "timeouts": null
          },
          "sensitive_attributes": [],
          "private": "eyJlMmJmYjczMC1lY2FhLTExZTYtOGY4OC0zNDM2M2JjN2M0YzAiOnsiY3JlYXRlIjoxMjAwMDAwMDAwMDAwLCJkZWxldGUiOjEyMDAwMDAwMDAwMDAsInVwZGF0ZSI6MTIwMDAwMDAwMDAwMH19",
          "dependencies": [
            "module.fortigates.data.google_compute_subnetwork.subnets",
            "module.sample_networks.google_compute_network.vpcs",
            "module.sample_networks.google_compute_subnetwork.subnets"
          ]
        }
      ]
    },
    {
      "module": "module.fortigates",
      "mode": "managed",
      "type": "google_compute_router_nat",
      "name": "cloud_nat",
      "provider": "provider[\"registry.terraform.io/hashicorp/google\"]",
      "instances": [
        {
          "schema_version": 0,
          "attributes": {
            "drain_nat_ips": null,
            "enable_dynamic_port_allocation": false,
            "enable_endpoint_independent_mapping": true,
            "icmp_idle_timeout_sec": 30,
            "id": "forti-emea-se/us-central1/bm-mantis834748-cr-cloudnat-us-central1/bm-mantis834748-nat-cloudnat-us-central1",
            "log_config": [],
            "max_ports_per_vm": 0,
            "min_ports_per_vm": 0,
            "name": "bm-mantis834748-nat-cloudnat-us-central1",
            "nat_ip_allocate_option": "AUTO_ONLY",
            "nat_ips": null,
            "project": "forti-emea-se",
            "region": "us-central1",
            "router": "bm-mantis834748-cr-cloudnat-us-central1",
            "source_subnetwork_ip_ranges_to_nat": "LIST_OF_SUBNETWORKS",
            "subnetwork": [
              {
                "name": "https://www.googleapis.com/compute/v1/projects/forti-emea-se/regions/us-central1/subnetworks/bm-mantis834748-external-sb",
                "secondary_ip_range_names": [],
                "source_ip_ranges_to_nat": [
                  "ALL_IP_RANGES"
                ]
              }
            ],
            "tcp_established_idle_timeout_sec": 1200,
            "tcp_transitory_idle_timeout_sec": 30,
            "timeouts": null,
            "udp_idle_timeout_sec": 30
          },
          "sensitive_attributes": [],
          "private": "eyJlMmJmYjczMC1lY2FhLTExZTYtOGY4OC0zNDM2M2JjN2M0YzAiOnsiY3JlYXRlIjoxMjAwMDAwMDAwMDAwLCJkZWxldGUiOjEyMDAwMDAwMDAwMDAsInVwZGF0ZSI6MTIwMDAwMDAwMDAwMH19",
          "dependencies": [
            "module.fortigates.data.google_compute_subnetwork.subnets",
            "module.fortigates.google_compute_router.nat_router",
            "module.sample_networks.google_compute_network.vpcs",
            "module.sample_networks.google_compute_subnetwork.subnets"
          ]
        }
      ]
    },
    {
      "module": "module.fortigates",
      "mode": "managed",
      "type": "google_secret_manager_secret",
      "name": "api-secret",
      "provider": "provider[\"registry.terraform.io/hashicorp/google\"]",
      "instances": [
        {
          "schema_version": 0,
          "attributes": {
            "create_time": "2022-08-19T09:08:32.152359Z",
            "expire_time": "",
            "id": "projects/forti-emea-se/secrets/bm-mantis834748-vm1-us-central1-a-apikey",
            "labels": null,
            "name": "projects/193919212754/secrets/bm-mantis834748-vm1-us-central1-a-apikey",
            "project": "forti-emea-se",
            "replication": [
              {
                "automatic": true,
                "user_managed": []
              }
            ],
            "rotation": [],
            "secret_id": "bm-mantis834748-vm1-us-central1-a-apikey",
            "timeouts": null,
            "topics": [],
            "ttl": null
          },
          "sensitive_attributes": [],
          "private": "eyJlMmJmYjczMC1lY2FhLTExZTYtOGY4OC0zNDM2M2JjN2M0YzAiOnsiY3JlYXRlIjoxMjAwMDAwMDAwMDAwLCJkZWxldGUiOjEyMDAwMDAwMDAwMDAsInVwZGF0ZSI6MTIwMDAwMDAwMDAwMH19",
          "dependencies": [
            "data.google_service_account.fgt",
            "data.http.my_ip",
            "module.fortigates.data.google_compute_default_service_account.default",
            "module.fortigates.data.google_compute_image.fgt_image",
            "module.fortigates.data.google_compute_subnetwork.subnets",
            "module.fortigates.data.google_compute_zones.zones_in_region",
            "module.fortigates.google_compute_address.ext_priv",
            "module.fortigates.google_compute_address.hasync_priv",
            "module.fortigates.google_compute_address.ilb",
            "module.fortigates.google_compute_address.int_priv",
            "module.fortigates.google_compute_address.mgmt_priv",
            "module.fortigates.google_compute_address.mgmt_pub",
            "module.fortigates.google_compute_disk.logdisk",
            "module.fortigates.google_compute_instance.fgt-vm",
            "module.fortigates.random_string.api_key",
            "module.sample_networks.google_compute_network.vpcs",
            "module.sample_networks.google_compute_subnetwork.subnets"
          ]
        }
      ]
    },
    {
      "module": "module.fortigates",
      "mode": "managed",
      "type": "google_secret_manager_secret_version",
      "name": "api_key",
      "provider": "provider[\"registry.terraform.io/hashicorp/google\"]",
      "instances": [
        {
          "schema_version": 0,
          "attributes": {
            "create_time": "2022-08-19T09:08:33.034003Z",
            "destroy_time": "",
            "enabled": true,
            "id": "projects/193919212754/secrets/bm-mantis834748-vm1-us-central1-a-apikey/versions/1",
            "name": "projects/193919212754/secrets/bm-mantis834748-vm1-us-central1-a-apikey/versions/1",
            "secret": "projects/forti-emea-se/secrets/bm-mantis834748-vm1-us-central1-a-apikey",
            "secret_data": "1htsrZRuITn6j29Y1t1l2tigb4DLm0",
            "timeouts": null
          },
          "sensitive_attributes": [],
          "private": "eyJlMmJmYjczMC1lY2FhLTExZTYtOGY4OC0zNDM2M2JjN2M0YzAiOnsiY3JlYXRlIjoxMjAwMDAwMDAwMDAwLCJkZWxldGUiOjEyMDAwMDAwMDAwMDB9fQ==",
          "dependencies": [
            "data.google_service_account.fgt",
            "data.http.my_ip",
            "module.fortigates.data.google_compute_default_service_account.default",
            "module.fortigates.data.google_compute_image.fgt_image",
            "module.fortigates.data.google_compute_subnetwork.subnets",
            "module.fortigates.data.google_compute_zones.zones_in_region",
            "module.fortigates.google_compute_address.ext_priv",
            "module.fortigates.google_compute_address.hasync_priv",
            "module.fortigates.google_compute_address.ilb",
            "module.fortigates.google_compute_address.int_priv",
            "module.fortigates.google_compute_address.mgmt_priv",
            "module.fortigates.google_compute_address.mgmt_pub",
            "module.fortigates.google_compute_disk.logdisk",
            "module.fortigates.google_compute_instance.fgt-vm",
            "module.fortigates.google_secret_manager_secret.api-secret",
            "module.fortigates.random_string.api_key",
            "module.sample_networks.google_compute_network.vpcs",
            "module.sample_networks.google_compute_subnetwork.subnets"
          ]
        }
      ]
    },
    {
      "module": "module.fortigates",
      "mode": "managed",
      "type": "random_string",
      "name": "api_key",
      "provider": "provider[\"registry.terraform.io/hashicorp/random\"]",
      "instances": [
        {
          "schema_version": 2,
          "attributes": {
            "id": "1htsrZRuITn6j29Y1t1l2tigb4DLm0",
            "keepers": null,
            "length": 30,
            "lower": true,
            "min_lower": 0,
            "min_numeric": 0,
            "min_special": 0,
            "min_upper": 0,
            "number": true,
            "numeric": true,
            "override_special": null,
            "result": "1htsrZRuITn6j29Y1t1l2tigb4DLm0",
            "special": false,
            "upper": true
          },
          "sensitive_attributes": [],
          "private": "eyJzY2hlbWFfdmVyc2lvbiI6IjIifQ==",
          "dependencies": [
            "module.sample_networks.google_compute_network.vpcs",
            "module.sample_networks.google_compute_subnetwork.subnets"
          ]
        }
      ]
    },
    {
      "module": "module.sample_networks",
      "mode": "managed",
      "type": "google_compute_network",
      "name": "vpcs",
      "provider": "provider[\"registry.terraform.io/hashicorp/google\"]",
      "instances": [
        {
          "index_key": 0,
          "schema_version": 0,
          "attributes": {
            "auto_create_subnetworks": false,
            "delete_default_routes_on_create": false,
            "description": "",
            "enable_ula_internal_ipv6": false,
            "gateway_ipv4": "",
            "id": "projects/forti-emea-se/global/networks/bm-mantis834748-external-vpc",
            "internal_ipv6_range": "",
            "mtu": 0,
            "name": "bm-mantis834748-external-vpc",
            "project": "forti-emea-se",
            "routing_mode": "REGIONAL",
            "self_link": "https://www.googleapis.com/compute/v1/projects/forti-emea-se/global/networks/bm-mantis834748-external-vpc",
            "timeouts": null
          },
          "sensitive_attributes": [],
          "private": "eyJlMmJmYjczMC1lY2FhLTExZTYtOGY4OC0zNDM2M2JjN2M0YzAiOnsiY3JlYXRlIjoxMjAwMDAwMDAwMDAwLCJkZWxldGUiOjEyMDAwMDAwMDAwMDAsInVwZGF0ZSI6MTIwMDAwMDAwMDAwMH19"
        },
        {
          "index_key": 1,
          "schema_version": 0,
          "attributes": {
            "auto_create_subnetworks": false,
            "delete_default_routes_on_create": false,
            "description": "",
            "enable_ula_internal_ipv6": false,
            "gateway_ipv4": "",
            "id": "projects/forti-emea-se/global/networks/bm-mantis834748-internal-vpc",
            "internal_ipv6_range": "",
            "mtu": 0,
            "name": "bm-mantis834748-internal-vpc",
            "project": "forti-emea-se",
            "routing_mode": "REGIONAL",
            "self_link": "https://www.googleapis.com/compute/v1/projects/forti-emea-se/global/networks/bm-mantis834748-internal-vpc",
            "timeouts": null
          },
          "sensitive_attributes": [],
          "private": "eyJlMmJmYjczMC1lY2FhLTExZTYtOGY4OC0zNDM2M2JjN2M0YzAiOnsiY3JlYXRlIjoxMjAwMDAwMDAwMDAwLCJkZWxldGUiOjEyMDAwMDAwMDAwMDAsInVwZGF0ZSI6MTIwMDAwMDAwMDAwMH19"
        },
        {
          "index_key": 2,
          "schema_version": 0,
          "attributes": {
            "auto_create_subnetworks": false,
            "delete_default_routes_on_create": false,
            "description": "",
            "enable_ula_internal_ipv6": false,
            "gateway_ipv4": "",
            "id": "projects/forti-emea-se/global/networks/bm-mantis834748-hasync-vpc",
            "internal_ipv6_range": "",
            "mtu": 0,
            "name": "bm-mantis834748-hasync-vpc",
            "project": "forti-emea-se",
            "routing_mode": "REGIONAL",
            "self_link": "https://www.googleapis.com/compute/v1/projects/forti-emea-se/global/networks/bm-mantis834748-hasync-vpc",
            "timeouts": null
          },
          "sensitive_attributes": [],
          "private": "eyJlMmJmYjczMC1lY2FhLTExZTYtOGY4OC0zNDM2M2JjN2M0YzAiOnsiY3JlYXRlIjoxMjAwMDAwMDAwMDAwLCJkZWxldGUiOjEyMDAwMDAwMDAwMDAsInVwZGF0ZSI6MTIwMDAwMDAwMDAwMH19"
        },
        {
          "index_key": 3,
          "schema_version": 0,
          "attributes": {
            "auto_create_subnetworks": false,
            "delete_default_routes_on_create": false,
            "description": "",
            "enable_ula_internal_ipv6": false,
            "gateway_ipv4": "",
            "id": "projects/forti-emea-se/global/networks/bm-mantis834748-mgmt-vpc",
            "internal_ipv6_range": "",
            "mtu": 0,
            "name": "bm-mantis834748-mgmt-vpc",
            "project": "forti-emea-se",
            "routing_mode": "REGIONAL",
            "self_link": "https://www.googleapis.com/compute/v1/projects/forti-emea-se/global/networks/bm-mantis834748-mgmt-vpc",
            "timeouts": null
          },
          "sensitive_attributes": [],
          "private": "eyJlMmJmYjczMC1lY2FhLTExZTYtOGY4OC0zNDM2M2JjN2M0YzAiOnsiY3JlYXRlIjoxMjAwMDAwMDAwMDAwLCJkZWxldGUiOjEyMDAwMDAwMDAwMDAsInVwZGF0ZSI6MTIwMDAwMDAwMDAwMH19"
        }
      ]
    },
    {
      "module": "module.sample_networks",
      "mode": "managed",
      "type": "google_compute_subnetwork",
      "name": "subnets",
      "provider": "provider[\"registry.terraform.io/hashicorp/google\"]",
      "instances": [
        {
          "index_key": 0,
          "schema_version": 0,
          "attributes": {
            "creation_timestamp": "2022-08-19T02:07:39.400-07:00",
            "description": "",
            "external_ipv6_prefix": "",
            "fingerprint": null,
            "gateway_address": "172.20.0.1",
            "id": "projects/forti-emea-se/regions/us-central1/subnetworks/bm-mantis834748-external-sb",
            "ip_cidr_range": "172.20.0.0/24",
            "ipv6_access_type": "",
            "ipv6_cidr_range": "",
            "log_config": [],
            "name": "bm-mantis834748-external-sb",
            "network": "https://www.googleapis.com/compute/v1/projects/forti-emea-se/global/networks/bm-mantis834748-external-vpc",
            "private_ip_google_access": false,
            "private_ipv6_google_access": "DISABLE_GOOGLE_ACCESS",
            "project": "forti-emea-se",
            "purpose": "PRIVATE",
            "region": "us-central1",
            "role": "",
            "secondary_ip_range": [],
            "self_link": "https://www.googleapis.com/compute/v1/projects/forti-emea-se/regions/us-central1/subnetworks/bm-mantis834748-external-sb",
            "stack_type": "IPV4_ONLY",
            "timeouts": null
          },
          "sensitive_attributes": [],
          "private": "eyJlMmJmYjczMC1lY2FhLTExZTYtOGY4OC0zNDM2M2JjN2M0YzAiOnsiY3JlYXRlIjoxMjAwMDAwMDAwMDAwLCJkZWxldGUiOjEyMDAwMDAwMDAwMDAsInVwZGF0ZSI6MTIwMDAwMDAwMDAwMH19",
          "dependencies": [
            "module.sample_networks.google_compute_network.vpcs"
          ]
        },
        {
          "index_key": 1,
          "schema_version": 0,
          "attributes": {
            "creation_timestamp": "2022-08-19T02:07:39.884-07:00",
            "description": "",
            "external_ipv6_prefix": "",
            "fingerprint": null,
            "gateway_address": "172.20.1.1",
            "id": "projects/forti-emea-se/regions/us-central1/subnetworks/bm-mantis834748-internal-sb",
            "ip_cidr_range": "172.20.1.0/24",
            "ipv6_access_type": "",
            "ipv6_cidr_range": "",
            "log_config": [],
            "name": "bm-mantis834748-internal-sb",
            "network": "https://www.googleapis.com/compute/v1/projects/forti-emea-se/global/networks/bm-mantis834748-internal-vpc",
            "private_ip_google_access": false,
            "private_ipv6_google_access": "DISABLE_GOOGLE_ACCESS",
            "project": "forti-emea-se",
            "purpose": "PRIVATE",
            "region": "us-central1",
            "role": "",
            "secondary_ip_range": [],
            "self_link": "https://www.googleapis.com/compute/v1/projects/forti-emea-se/regions/us-central1/subnetworks/bm-mantis834748-internal-sb",
            "stack_type": "IPV4_ONLY",
            "timeouts": null
          },
          "sensitive_attributes": [],
          "private": "eyJlMmJmYjczMC1lY2FhLTExZTYtOGY4OC0zNDM2M2JjN2M0YzAiOnsiY3JlYXRlIjoxMjAwMDAwMDAwMDAwLCJkZWxldGUiOjEyMDAwMDAwMDAwMDAsInVwZGF0ZSI6MTIwMDAwMDAwMDAwMH19",
          "dependencies": [
            "module.sample_networks.google_compute_network.vpcs"
          ]
        },
        {
          "index_key": 2,
          "schema_version": 0,
          "attributes": {
            "creation_timestamp": "2022-08-19T02:07:39.584-07:00",
            "description": "",
            "external_ipv6_prefix": "",
            "fingerprint": null,
            "gateway_address": "172.20.2.1",
            "id": "projects/forti-emea-se/regions/us-central1/subnetworks/bm-mantis834748-hasync-sb",
            "ip_cidr_range": "172.20.2.0/24",
            "ipv6_access_type": "",
            "ipv6_cidr_range": "",
            "log_config": [],
            "name": "bm-mantis834748-hasync-sb",
            "network": "https://www.googleapis.com/compute/v1/projects/forti-emea-se/global/networks/bm-mantis834748-hasync-vpc",
            "private_ip_google_access": false,
            "private_ipv6_google_access": "DISABLE_GOOGLE_ACCESS",
            "project": "forti-emea-se",
            "purpose": "PRIVATE",
            "region": "us-central1",
            "role": "",
            "secondary_ip_range": [],
            "self_link": "https://www.googleapis.com/compute/v1/projects/forti-emea-se/regions/us-central1/subnetworks/bm-mantis834748-hasync-sb",
            "stack_type": "IPV4_ONLY",
            "timeouts": null
          },
          "sensitive_attributes": [],
          "private": "eyJlMmJmYjczMC1lY2FhLTExZTYtOGY4OC0zNDM2M2JjN2M0YzAiOnsiY3JlYXRlIjoxMjAwMDAwMDAwMDAwLCJkZWxldGUiOjEyMDAwMDAwMDAwMDAsInVwZGF0ZSI6MTIwMDAwMDAwMDAwMH19",
          "dependencies": [
            "module.sample_networks.google_compute_network.vpcs"
          ]
        },
        {
          "index_key": 3,
          "schema_version": 0,
          "attributes": {
            "creation_timestamp": "2022-08-19T02:07:39.886-07:00",
            "description": "",
            "external_ipv6_prefix": "",
            "fingerprint": null,
            "gateway_address": "172.20.3.1",
            "id": "projects/forti-emea-se/regions/us-central1/subnetworks/bm-mantis834748-mgmt-sb",
            "ip_cidr_range": "172.20.3.0/24",
            "ipv6_access_type": "",
            "ipv6_cidr_range": "",
            "log_config": [],
            "name": "bm-mantis834748-mgmt-sb",
            "network": "https://www.googleapis.com/compute/v1/projects/forti-emea-se/global/networks/bm-mantis834748-mgmt-vpc",
            "private_ip_google_access": false,
            "private_ipv6_google_access": "DISABLE_GOOGLE_ACCESS",
            "project": "forti-emea-se",
            "purpose": "PRIVATE",
            "region": "us-central1",
            "role": "",
            "secondary_ip_range": [],
            "self_link": "https://www.googleapis.com/compute/v1/projects/forti-emea-se/regions/us-central1/subnetworks/bm-mantis834748-mgmt-sb",
            "stack_type": "IPV4_ONLY",
            "timeouts": null
          },
          "sensitive_attributes": [],
          "private": "eyJlMmJmYjczMC1lY2FhLTExZTYtOGY4OC0zNDM2M2JjN2M0YzAiOnsiY3JlYXRlIjoxMjAwMDAwMDAwMDAwLCJkZWxldGUiOjEyMDAwMDAwMDAwMDAsInVwZGF0ZSI6MTIwMDAwMDAwMDAwMH19",
          "dependencies": [
            "module.sample_networks.google_compute_network.vpcs"
          ]
        }
      ]
    }
  ]
}
